// !$*UTF8*$!
{
	archiveVersion = 1;
	classes = {
	};
	objectVersion = 56;
	objects = {

/* Begin PBXBuildFile section */
		317432A42D4B51D4001AD0BD /* BranchSearchModel.swift in Sources */ = {isa = PBXBuildFile; fileRef = 317432972D4B51D4001AD0BD /* BranchSearchModel.swift */; };
		317432A52D4B51D4001AD0BD /* GetCodesModel.swift in Sources */ = {isa = PBXBuildFile; fileRef = 317432982D4B51D4001AD0BD /* GetCodesModel.swift */; };
		317432A62D4B51D4001AD0BD /* MasterBanksModel.swift in Sources */ = {isa = PBXBuildFile; fileRef = 317432992D4B51D4001AD0BD /* MasterBanksModel.swift */; };
		317432A72D4B51D5001AD0BD /* RatesModel.swift in Sources */ = {isa = PBXBuildFile; fileRef = 3174329A2D4B51D4001AD0BD /* RatesModel.swift */; };
		317432A82D4B51D5001AD0BD /* ServiceCorriderModel.swift in Sources */ = {isa = PBXBuildFile; fileRef = 3174329B2D4B51D4001AD0BD /* ServiceCorriderModel.swift */; };
		317432A92D4B51D5001AD0BD /* LoginModel.swift in Sources */ = {isa = PBXBuildFile; fileRef = 3174329D2D4B51D4001AD0BD /* LoginModel.swift */; };
		317432AA2D4B51D5001AD0BD /* CreateTransactionModel.swift in Sources */ = {isa = PBXBuildFile; fileRef = 3174329F2D4B51D4001AD0BD /* CreateTransactionModel.swift */; };
		317432AB2D4B51D5001AD0BD /* QuoteModel.swift in Sources */ = {isa = PBXBuildFile; fileRef = 317432A02D4B51D4001AD0BD /* QuoteModel.swift */; };
		31FEF1572D510AC9004611F1 /* UserManager.swift in Sources */ = {isa = PBXBuildFile; fileRef = 31FEF1562D510AC9004611F1 /* UserManager.swift */; };
		7D43C8312D4D502B00C841C2 /* APIService.swift in Sources */ = {isa = PBXBuildFile; fileRef = 7D43C8302D4D502B00C841C2 /* APIService.swift */; };
		7D43C8332D4D510B00C841C2 /* LoginViewController.swift in Sources */ = {isa = PBXBuildFile; fileRef = 7D43C8322D4D510B00C841C2 /* LoginViewController.swift */; };
		7DB84ED22D3AC05800A2C2D6 /* LuluSDK.docc in Sources */ = {isa = PBXBuildFile; fileRef = 7DB84ED12D3AC05800A2C2D6 /* LuluSDK.docc */; };
		7DB84ED82D3AC05800A2C2D6 /* LuluSDK.framework in Frameworks */ = {isa = PBXBuildFile; fileRef = 7DB84ECD2D3AC05800A2C2D6 /* LuluSDK.framework */; };
		7DB84EDD2D3AC05900A2C2D6 /* LuluSDKTests.swift in Sources */ = {isa = PBXBuildFile; fileRef = 7DB84EDC2D3AC05900A2C2D6 /* LuluSDKTests.swift */; };
		7DB84EDE2D3AC05900A2C2D6 /* LuluSDK.h in Headers */ = {isa = PBXBuildFile; fileRef = 7DB84ED02D3AC05800A2C2D6 /* LuluSDK.h */; settings = {ATTRIBUTES = (Public, ); }; };
		7DB84EEE2D3AC1CB00A2C2D6 /* MyStoryboardLoader.swift in Sources */ = {isa = PBXBuildFile; fileRef = 7DB84EED2D3AC1CB00A2C2D6 /* MyStoryboardLoader.swift */; };
		7DB84F342D3ACA8D00A2C2D6 /* Media.xcassets in Resources */ = {isa = PBXBuildFile; fileRef = 7DB84F332D3ACA8C00A2C2D6 /* Media.xcassets */; };
		B83048CB2D4E59AB00353003 /* RecentTransactionCell.swift in Sources */ = {isa = PBXBuildFile; fileRef = B83048C92D4E59AB00353003 /* RecentTransactionCell.swift */; };
		B83048CC2D4E59AB00353003 /* RecentTransactionCell.xib in Resources */ = {isa = PBXBuildFile; fileRef = B83048CA2D4E59AB00353003 /* RecentTransactionCell.xib */; };
		B8513EA72D54B76200E431F0 /* SendMoneyViewController.swift in Sources */ = {isa = PBXBuildFile; fileRef = B8513EA62D54B76200E431F0 /* SendMoneyViewController.swift */; };
		B86952D92D4A059E0088B538 /* Model.swift in Sources */ = {isa = PBXBuildFile; fileRef = B86952D72D4A059E0088B538 /* Model.swift */; };
		B86953082D4A05AD0088B538 /* Lulu.storyboard in Resources */ = {isa = PBXBuildFile; fileRef = B86952DA2D4A05AD0088B538 /* Lulu.storyboard */; };
		B869530A2D4A05AD0088B538 /* CardsMangementViewController.swift in Sources */ = {isa = PBXBuildFile; fileRef = B86952DE2D4A05AD0088B538 /* CardsMangementViewController.swift */; };
		B869530B2D4A05AD0088B538 /* DashboardViewController.swift in Sources */ = {isa = PBXBuildFile; fileRef = B86952DF2D4A05AD0088B538 /* DashboardViewController.swift */; };
		B869530C2D4A05AD0088B538 /* ProfileViewController.swift in Sources */ = {isa = PBXBuildFile; fileRef = B86952E02D4A05AD0088B538 /* ProfileViewController.swift */; };
		B869530D2D4A05AD0088B538 /* RequestAuthorizationViewController.swift in Sources */ = {isa = PBXBuildFile; fileRef = B86952E12D4A05AD0088B538 /* RequestAuthorizationViewController.swift */; };
		B869530E2D4A05AD0088B538 /* RequestNewCardController.swift in Sources */ = {isa = PBXBuildFile; fileRef = B86952E22D4A05AD0088B538 /* RequestNewCardController.swift */; };
		B869530F2D4A05AD0088B538 /* RequestSuccessViewController.swift in Sources */ = {isa = PBXBuildFile; fileRef = B86952E32D4A05AD0088B538 /* RequestSuccessViewController.swift */; };
		B86953102D4A05AD0088B538 /* SettingsViewController.swift in Sources */ = {isa = PBXBuildFile; fileRef = B86952E42D4A05AD0088B538 /* SettingsViewController.swift */; };
		B86953112D4A05AD0088B538 /* TabViewController.swift in Sources */ = {isa = PBXBuildFile; fileRef = B86952E52D4A05AD0088B538 /* TabViewController.swift */; };
		B86953122D4A05AD0088B538 /* TransferMoneyViewController.swift in Sources */ = {isa = PBXBuildFile; fileRef = B86952E62D4A05AD0088B538 /* TransferMoneyViewController.swift */; };
		B86953132D4A05AD0088B538 /* ButtonCell.swift in Sources */ = {isa = PBXBuildFile; fileRef = B86952E82D4A05AD0088B538 /* ButtonCell.swift */; };
		B86953142D4A05AD0088B538 /* CardBalanceCell.swift in Sources */ = {isa = PBXBuildFile; fileRef = B86952E92D4A05AD0088B538 /* CardBalanceCell.swift */; };
		B86953152D4A05AD0088B538 /* CardCell.swift in Sources */ = {isa = PBXBuildFile; fileRef = B86952EA2D4A05AD0088B538 /* CardCell.swift */; };
		B86953162D4A05AD0088B538 /* CustomHeaderView.swift in Sources */ = {isa = PBXBuildFile; fileRef = B86952EB2D4A05AD0088B538 /* CustomHeaderView.swift */; };
		B86953172D4A05AD0088B538 /* ExchangeRateCell.swift in Sources */ = {isa = PBXBuildFile; fileRef = B86952EC2D4A05AD0088B538 /* ExchangeRateCell.swift */; };
		B86953182D4A05AD0088B538 /* HeaderViewCell.swift in Sources */ = {isa = PBXBuildFile; fileRef = B86952ED2D4A05AD0088B538 /* HeaderViewCell.swift */; };
		B86953192D4A05AD0088B538 /* InstantAccountCell.swift in Sources */ = {isa = PBXBuildFile; fileRef = B86952EE2D4A05AD0088B538 /* InstantAccountCell.swift */; };
		B869531A2D4A05AD0088B538 /* NumberPadCell.swift in Sources */ = {isa = PBXBuildFile; fileRef = B86952EF2D4A05AD0088B538 /* NumberPadCell.swift */; };
		B869531B2D4A05AD0088B538 /* PinEntryCell.swift in Sources */ = {isa = PBXBuildFile; fileRef = B86952F02D4A05AD0088B538 /* PinEntryCell.swift */; };
		B869531C2D4A05AD0088B538 /* ProfileTCell.swift in Sources */ = {isa = PBXBuildFile; fileRef = B86952F12D4A05AD0088B538 /* ProfileTCell.swift */; };
		B869531D2D4A05AD0088B538 /* RequestMoneyCell.swift in Sources */ = {isa = PBXBuildFile; fileRef = B86952F22D4A05AD0088B538 /* RequestMoneyCell.swift */; };
		B869531E2D4A05AD0088B538 /* SettingsCell.swift in Sources */ = {isa = PBXBuildFile; fileRef = B86952F32D4A05AD0088B538 /* SettingsCell.swift */; };
		B869531F2D4A05AD0088B538 /* TitleCell.swift in Sources */ = {isa = PBXBuildFile; fileRef = B86952F42D4A05AD0088B538 /* TitleCell.swift */; };
		B86953202D4A05AD0088B538 /* TransferCell.swift in Sources */ = {isa = PBXBuildFile; fileRef = B86952F52D4A05AD0088B538 /* TransferCell.swift */; };
		B86953212D4A05AD0088B538 /* ButtonCell.xib in Resources */ = {isa = PBXBuildFile; fileRef = B86952F72D4A05AD0088B538 /* ButtonCell.xib */; };
		B86953222D4A05AD0088B538 /* CardBalanceCell.xib in Resources */ = {isa = PBXBuildFile; fileRef = B86952F82D4A05AD0088B538 /* CardBalanceCell.xib */; };
		B86953232D4A05AD0088B538 /* CardCell.xib in Resources */ = {isa = PBXBuildFile; fileRef = B86952F92D4A05AD0088B538 /* CardCell.xib */; };
		B86953242D4A05AD0088B538 /* CustomHeaderView.xib in Resources */ = {isa = PBXBuildFile; fileRef = B86952FA2D4A05AD0088B538 /* CustomHeaderView.xib */; };
		B86953252D4A05AD0088B538 /* ExchangeRateCell.xib in Resources */ = {isa = PBXBuildFile; fileRef = B86952FB2D4A05AD0088B538 /* ExchangeRateCell.xib */; };
		B86953262D4A05AD0088B538 /* HeaderViewCell.xib in Resources */ = {isa = PBXBuildFile; fileRef = B86952FC2D4A05AD0088B538 /* HeaderViewCell.xib */; };
		B86953272D4A05AD0088B538 /* InstantAccountCell.xib in Resources */ = {isa = PBXBuildFile; fileRef = B86952FD2D4A05AD0088B538 /* InstantAccountCell.xib */; };
		B86953282D4A05AD0088B538 /* NumberPadCell.xib in Resources */ = {isa = PBXBuildFile; fileRef = B86952FE2D4A05AD0088B538 /* NumberPadCell.xib */; };
		B86953292D4A05AD0088B538 /* PinEntryCell.xib in Resources */ = {isa = PBXBuildFile; fileRef = B86952FF2D4A05AD0088B538 /* PinEntryCell.xib */; };
		B869532A2D4A05AD0088B538 /* ProfileTCell.xib in Resources */ = {isa = PBXBuildFile; fileRef = B86953002D4A05AD0088B538 /* ProfileTCell.xib */; };
		B869532B2D4A05AD0088B538 /* RequestMoneyCell.xib in Resources */ = {isa = PBXBuildFile; fileRef = B86953012D4A05AD0088B538 /* RequestMoneyCell.xib */; };
		B869532C2D4A05AD0088B538 /* SettingsCell.xib in Resources */ = {isa = PBXBuildFile; fileRef = B86953022D4A05AD0088B538 /* SettingsCell.xib */; };
		B869532D2D4A05AD0088B538 /* TitleCell.xib in Resources */ = {isa = PBXBuildFile; fileRef = B86953032D4A05AD0088B538 /* TitleCell.xib */; };
		B869532E2D4A05AD0088B538 /* TransferCell.xib in Resources */ = {isa = PBXBuildFile; fileRef = B86953042D4A05AD0088B538 /* TransferCell.xib */; };
		B89D7E1A2D57C912008B6BE1 /* Extensions.swift in Sources */ = {isa = PBXBuildFile; fileRef = B89D7E192D57C912008B6BE1 /* Extensions.swift */; };
		B8B425A32D5B7B750026CE00 /* Alamofire in Frameworks */ = {isa = PBXBuildFile; productRef = B8B425A22D5B7B750026CE00 /* Alamofire */; };
		B8C07C912D51E1A4008D506B /* ContactListViewController.swift in Sources */ = {isa = PBXBuildFile; fileRef = B8C07C902D51E1A4008D506B /* ContactListViewController.swift */; };
		B8C07C942D51E231008D506B /* ContactListTableViewCell.xib in Resources */ = {isa = PBXBuildFile; fileRef = B8C07C932D51E231008D506B /* ContactListTableViewCell.xib */; };
		B8C07C952D51E231008D506B /* ContactListTableViewCell.swift in Sources */ = {isa = PBXBuildFile; fileRef = B8C07C922D51E231008D506B /* ContactListTableViewCell.swift */; };
		B8C07C982D51E3E1008D506B /* SearchCell.xib in Resources */ = {isa = PBXBuildFile; fileRef = B8C07C972D51E3E1008D506B /* SearchCell.xib */; };
		B8C07C992D51E3E1008D506B /* SearchCell.swift in Sources */ = {isa = PBXBuildFile; fileRef = B8C07C962D51E3E1008D506B /* SearchCell.swift */; };
		B8C07C9B2D51EB77008D506B /* SendReqMoneyViewController.swift in Sources */ = {isa = PBXBuildFile; fileRef = B8C07C9A2D51EB77008D506B /* SendReqMoneyViewController.swift */; };
		B8C07C9E2D52093A008D506B /* TextFieldCell.xib in Resources */ = {isa = PBXBuildFile; fileRef = B8C07C9D2D52093A008D506B /* TextFieldCell.xib */; };
		B8C07C9F2D52093A008D506B /* TextFieldCell.swift in Sources */ = {isa = PBXBuildFile; fileRef = B8C07C9C2D52093A008D506B /* TextFieldCell.swift */; };
		B8C07CA22D520A00008D506B /* ReferenceCell.xib in Resources */ = {isa = PBXBuildFile; fileRef = B8C07CA12D520A00008D506B /* ReferenceCell.xib */; };
		B8C07CA32D520A00008D506B /* ReferenceCell.swift in Sources */ = {isa = PBXBuildFile; fileRef = B8C07CA02D520A00008D506B /* ReferenceCell.swift */; };
		B8C07CA62D524E6B008D506B /* PaymentDetailCell.swift in Sources */ = {isa = PBXBuildFile; fileRef = B8C07CA42D524E6B008D506B /* PaymentDetailCell.swift */; };
		B8C07CA72D524E6B008D506B /* PaymentDetailCell.xib in Resources */ = {isa = PBXBuildFile; fileRef = B8C07CA52D524E6B008D506B /* PaymentDetailCell.xib */; };
		B8C07CAE2D52500D008D506B /* TransactionDetailCell.swift in Sources */ = {isa = PBXBuildFile; fileRef = B8C07CAC2D52500D008D506B /* TransactionDetailCell.swift */; };
		B8C07CAF2D52500D008D506B /* TransactionDetailCell.xib in Resources */ = {isa = PBXBuildFile; fileRef = B8C07CAD2D52500D008D506B /* TransactionDetailCell.xib */; };
		B8C07CB12D525193008D506B /* PaymentDetailsViewController.swift in Sources */ = {isa = PBXBuildFile; fileRef = B8C07CB02D525193008D506B /* PaymentDetailsViewController.swift */; };
		B8C07CB42D5257AA008D506B /* ConfirmPayCell.swift in Sources */ = {isa = PBXBuildFile; fileRef = B8C07CB22D5257AA008D506B /* ConfirmPayCell.swift */; };
		B8C07CB52D5257AA008D506B /* ConfirmPayCell.xib in Resources */ = {isa = PBXBuildFile; fileRef = B8C07CB32D5257AA008D506B /* ConfirmPayCell.xib */; };
		B8C07CB72D5262CB008D506B /* ConfirmPayViewController.swift in Sources */ = {isa = PBXBuildFile; fileRef = B8C07CB62D5262CB008D506B /* ConfirmPayViewController.swift */; };
		B8C07CB92D5264DF008D506B /* PaySuccessViewController.swift in Sources */ = {isa = PBXBuildFile; fileRef = B8C07CB82D5264DF008D506B /* PaySuccessViewController.swift */; };
		B8C07CBB2D5266F3008D506B /* ShareReceiptViewController.swift in Sources */ = {isa = PBXBuildFile; fileRef = B8C07CBA2D5266F3008D506B /* ShareReceiptViewController.swift */; };
		B8D7619C2D561ACC001F9852 /* LoadingIndicatorManager.swift in Sources */ = {isa = PBXBuildFile; fileRef = B8D7619B2D561ACC001F9852 /* LoadingIndicatorManager.swift */; };
/* End PBXBuildFile section */

/* Begin PBXContainerItemProxy section */
		7DB84ED92D3AC05800A2C2D6 /* PBXContainerItemProxy */ = {
			isa = PBXContainerItemProxy;
			containerPortal = 7DB84EC42D3AC05800A2C2D6 /* Project object */;
			proxyType = 1;
			remoteGlobalIDString = 7DB84ECC2D3AC05800A2C2D6;
			remoteInfo = LuluSDK;
		};
/* End PBXContainerItemProxy section */

/* Begin PBXFileReference section */
		317432972D4B51D4001AD0BD /* BranchSearchModel.swift */ = {isa = PBXFileReference; fileEncoding = 4; lastKnownFileType = sourcecode.swift; path = BranchSearchModel.swift; sourceTree = "<group>"; };
		317432982D4B51D4001AD0BD /* GetCodesModel.swift */ = {isa = PBXFileReference; fileEncoding = 4; lastKnownFileType = sourcecode.swift; path = GetCodesModel.swift; sourceTree = "<group>"; };
		317432992D4B51D4001AD0BD /* MasterBanksModel.swift */ = {isa = PBXFileReference; fileEncoding = 4; lastKnownFileType = sourcecode.swift; path = MasterBanksModel.swift; sourceTree = "<group>"; };
		3174329A2D4B51D4001AD0BD /* RatesModel.swift */ = {isa = PBXFileReference; fileEncoding = 4; lastKnownFileType = sourcecode.swift; path = RatesModel.swift; sourceTree = "<group>"; };
		3174329B2D4B51D4001AD0BD /* ServiceCorriderModel.swift */ = {isa = PBXFileReference; fileEncoding = 4; lastKnownFileType = sourcecode.swift; path = ServiceCorriderModel.swift; sourceTree = "<group>"; };
		3174329D2D4B51D4001AD0BD /* LoginModel.swift */ = {isa = PBXFileReference; fileEncoding = 4; lastKnownFileType = sourcecode.swift; path = LoginModel.swift; sourceTree = "<group>"; };
		3174329F2D4B51D4001AD0BD /* CreateTransactionModel.swift */ = {isa = PBXFileReference; fileEncoding = 4; lastKnownFileType = sourcecode.swift; path = CreateTransactionModel.swift; sourceTree = "<group>"; };
		317432A02D4B51D4001AD0BD /* QuoteModel.swift */ = {isa = PBXFileReference; fileEncoding = 4; lastKnownFileType = sourcecode.swift; path = QuoteModel.swift; sourceTree = "<group>"; };
		31FEF1562D510AC9004611F1 /* UserManager.swift */ = {isa = PBXFileReference; lastKnownFileType = sourcecode.swift; path = UserManager.swift; sourceTree = "<group>"; };
		7D43C8302D4D502B00C841C2 /* APIService.swift */ = {isa = PBXFileReference; lastKnownFileType = sourcecode.swift; path = APIService.swift; sourceTree = "<group>"; };
		7D43C8322D4D510B00C841C2 /* LoginViewController.swift */ = {isa = PBXFileReference; lastKnownFileType = sourcecode.swift; path = LoginViewController.swift; sourceTree = "<group>"; };
		7DB84ECD2D3AC05800A2C2D6 /* LuluSDK.framework */ = {isa = PBXFileReference; explicitFileType = wrapper.framework; includeInIndex = 0; path = LuluSDK.framework; sourceTree = BUILT_PRODUCTS_DIR; };
		7DB84ED02D3AC05800A2C2D6 /* LuluSDK.h */ = {isa = PBXFileReference; lastKnownFileType = sourcecode.c.h; path = LuluSDK.h; sourceTree = "<group>"; };
		7DB84ED12D3AC05800A2C2D6 /* LuluSDK.docc */ = {isa = PBXFileReference; lastKnownFileType = folder.documentationcatalog; path = LuluSDK.docc; sourceTree = "<group>"; };
		7DB84ED72D3AC05800A2C2D6 /* LuluSDKTests.xctest */ = {isa = PBXFileReference; explicitFileType = wrapper.cfbundle; includeInIndex = 0; path = LuluSDKTests.xctest; sourceTree = BUILT_PRODUCTS_DIR; };
		7DB84EDC2D3AC05900A2C2D6 /* LuluSDKTests.swift */ = {isa = PBXFileReference; lastKnownFileType = sourcecode.swift; path = LuluSDKTests.swift; sourceTree = "<group>"; };
		7DB84EED2D3AC1CB00A2C2D6 /* MyStoryboardLoader.swift */ = {isa = PBXFileReference; lastKnownFileType = sourcecode.swift; path = MyStoryboardLoader.swift; sourceTree = "<group>"; };
		7DB84F332D3ACA8C00A2C2D6 /* Media.xcassets */ = {isa = PBXFileReference; lastKnownFileType = folder.assetcatalog; path = Media.xcassets; sourceTree = "<group>"; };
		B83048C92D4E59AB00353003 /* RecentTransactionCell.swift */ = {isa = PBXFileReference; lastKnownFileType = sourcecode.swift; path = RecentTransactionCell.swift; sourceTree = "<group>"; };
		B83048CA2D4E59AB00353003 /* RecentTransactionCell.xib */ = {isa = PBXFileReference; lastKnownFileType = file.xib; path = RecentTransactionCell.xib; sourceTree = "<group>"; };
		B8513EA52D54997200E431F0 /* Info.plist */ = {isa = PBXFileReference; lastKnownFileType = text.plist; path = Info.plist; sourceTree = "<group>"; };
		B8513EA62D54B76200E431F0 /* SendMoneyViewController.swift */ = {isa = PBXFileReference; lastKnownFileType = sourcecode.swift; path = SendMoneyViewController.swift; sourceTree = "<group>"; };
		B86952D72D4A059E0088B538 /* Model.swift */ = {isa = PBXFileReference; fileEncoding = 4; lastKnownFileType = sourcecode.swift; path = Model.swift; sourceTree = "<group>"; };
		B86952DA2D4A05AD0088B538 /* Lulu.storyboard */ = {isa = PBXFileReference; fileEncoding = 4; lastKnownFileType = file.storyboard; path = Lulu.storyboard; sourceTree = "<group>"; };
		B86952DE2D4A05AD0088B538 /* CardsMangementViewController.swift */ = {isa = PBXFileReference; fileEncoding = 4; lastKnownFileType = sourcecode.swift; path = CardsMangementViewController.swift; sourceTree = "<group>"; };
		B86952DF2D4A05AD0088B538 /* DashboardViewController.swift */ = {isa = PBXFileReference; fileEncoding = 4; lastKnownFileType = sourcecode.swift; path = DashboardViewController.swift; sourceTree = "<group>"; };
		B86952E02D4A05AD0088B538 /* ProfileViewController.swift */ = {isa = PBXFileReference; fileEncoding = 4; lastKnownFileType = sourcecode.swift; path = ProfileViewController.swift; sourceTree = "<group>"; };
		B86952E12D4A05AD0088B538 /* RequestAuthorizationViewController.swift */ = {isa = PBXFileReference; fileEncoding = 4; lastKnownFileType = sourcecode.swift; path = RequestAuthorizationViewController.swift; sourceTree = "<group>"; };
		B86952E22D4A05AD0088B538 /* RequestNewCardController.swift */ = {isa = PBXFileReference; fileEncoding = 4; lastKnownFileType = sourcecode.swift; path = RequestNewCardController.swift; sourceTree = "<group>"; };
		B86952E32D4A05AD0088B538 /* RequestSuccessViewController.swift */ = {isa = PBXFileReference; fileEncoding = 4; lastKnownFileType = sourcecode.swift; path = RequestSuccessViewController.swift; sourceTree = "<group>"; };
		B86952E42D4A05AD0088B538 /* SettingsViewController.swift */ = {isa = PBXFileReference; fileEncoding = 4; lastKnownFileType = sourcecode.swift; path = SettingsViewController.swift; sourceTree = "<group>"; };
		B86952E52D4A05AD0088B538 /* TabViewController.swift */ = {isa = PBXFileReference; fileEncoding = 4; lastKnownFileType = sourcecode.swift; path = TabViewController.swift; sourceTree = "<group>"; };
		B86952E62D4A05AD0088B538 /* TransferMoneyViewController.swift */ = {isa = PBXFileReference; fileEncoding = 4; lastKnownFileType = sourcecode.swift; path = TransferMoneyViewController.swift; sourceTree = "<group>"; };
		B86952E82D4A05AD0088B538 /* ButtonCell.swift */ = {isa = PBXFileReference; fileEncoding = 4; lastKnownFileType = sourcecode.swift; path = ButtonCell.swift; sourceTree = "<group>"; };
		B86952E92D4A05AD0088B538 /* CardBalanceCell.swift */ = {isa = PBXFileReference; fileEncoding = 4; lastKnownFileType = sourcecode.swift; path = CardBalanceCell.swift; sourceTree = "<group>"; };
		B86952EA2D4A05AD0088B538 /* CardCell.swift */ = {isa = PBXFileReference; fileEncoding = 4; lastKnownFileType = sourcecode.swift; path = CardCell.swift; sourceTree = "<group>"; };
		B86952EB2D4A05AD0088B538 /* CustomHeaderView.swift */ = {isa = PBXFileReference; fileEncoding = 4; lastKnownFileType = sourcecode.swift; path = CustomHeaderView.swift; sourceTree = "<group>"; };
		B86952EC2D4A05AD0088B538 /* ExchangeRateCell.swift */ = {isa = PBXFileReference; fileEncoding = 4; lastKnownFileType = sourcecode.swift; path = ExchangeRateCell.swift; sourceTree = "<group>"; };
		B86952ED2D4A05AD0088B538 /* HeaderViewCell.swift */ = {isa = PBXFileReference; fileEncoding = 4; lastKnownFileType = sourcecode.swift; path = HeaderViewCell.swift; sourceTree = "<group>"; };
		B86952EE2D4A05AD0088B538 /* InstantAccountCell.swift */ = {isa = PBXFileReference; fileEncoding = 4; lastKnownFileType = sourcecode.swift; path = InstantAccountCell.swift; sourceTree = "<group>"; };
		B86952EF2D4A05AD0088B538 /* NumberPadCell.swift */ = {isa = PBXFileReference; fileEncoding = 4; lastKnownFileType = sourcecode.swift; path = NumberPadCell.swift; sourceTree = "<group>"; };
		B86952F02D4A05AD0088B538 /* PinEntryCell.swift */ = {isa = PBXFileReference; fileEncoding = 4; lastKnownFileType = sourcecode.swift; path = PinEntryCell.swift; sourceTree = "<group>"; };
		B86952F12D4A05AD0088B538 /* ProfileTCell.swift */ = {isa = PBXFileReference; fileEncoding = 4; lastKnownFileType = sourcecode.swift; path = ProfileTCell.swift; sourceTree = "<group>"; };
		B86952F22D4A05AD0088B538 /* RequestMoneyCell.swift */ = {isa = PBXFileReference; fileEncoding = 4; lastKnownFileType = sourcecode.swift; path = RequestMoneyCell.swift; sourceTree = "<group>"; };
		B86952F32D4A05AD0088B538 /* SettingsCell.swift */ = {isa = PBXFileReference; fileEncoding = 4; lastKnownFileType = sourcecode.swift; path = SettingsCell.swift; sourceTree = "<group>"; };
		B86952F42D4A05AD0088B538 /* TitleCell.swift */ = {isa = PBXFileReference; fileEncoding = 4; lastKnownFileType = sourcecode.swift; path = TitleCell.swift; sourceTree = "<group>"; };
		B86952F52D4A05AD0088B538 /* TransferCell.swift */ = {isa = PBXFileReference; fileEncoding = 4; lastKnownFileType = sourcecode.swift; path = TransferCell.swift; sourceTree = "<group>"; };
		B86952F72D4A05AD0088B538 /* ButtonCell.xib */ = {isa = PBXFileReference; fileEncoding = 4; lastKnownFileType = file.xib; path = ButtonCell.xib; sourceTree = "<group>"; };
		B86952F82D4A05AD0088B538 /* CardBalanceCell.xib */ = {isa = PBXFileReference; fileEncoding = 4; lastKnownFileType = file.xib; path = CardBalanceCell.xib; sourceTree = "<group>"; };
		B86952F92D4A05AD0088B538 /* CardCell.xib */ = {isa = PBXFileReference; fileEncoding = 4; lastKnownFileType = file.xib; path = CardCell.xib; sourceTree = "<group>"; };
		B86952FA2D4A05AD0088B538 /* CustomHeaderView.xib */ = {isa = PBXFileReference; fileEncoding = 4; lastKnownFileType = file.xib; path = CustomHeaderView.xib; sourceTree = "<group>"; };
		B86952FB2D4A05AD0088B538 /* ExchangeRateCell.xib */ = {isa = PBXFileReference; fileEncoding = 4; lastKnownFileType = file.xib; path = ExchangeRateCell.xib; sourceTree = "<group>"; };
		B86952FC2D4A05AD0088B538 /* HeaderViewCell.xib */ = {isa = PBXFileReference; fileEncoding = 4; lastKnownFileType = file.xib; path = HeaderViewCell.xib; sourceTree = "<group>"; };
		B86952FD2D4A05AD0088B538 /* InstantAccountCell.xib */ = {isa = PBXFileReference; fileEncoding = 4; lastKnownFileType = file.xib; path = InstantAccountCell.xib; sourceTree = "<group>"; };
		B86952FE2D4A05AD0088B538 /* NumberPadCell.xib */ = {isa = PBXFileReference; fileEncoding = 4; lastKnownFileType = file.xib; path = NumberPadCell.xib; sourceTree = "<group>"; };
		B86952FF2D4A05AD0088B538 /* PinEntryCell.xib */ = {isa = PBXFileReference; fileEncoding = 4; lastKnownFileType = file.xib; path = PinEntryCell.xib; sourceTree = "<group>"; };
		B86953002D4A05AD0088B538 /* ProfileTCell.xib */ = {isa = PBXFileReference; fileEncoding = 4; lastKnownFileType = file.xib; path = ProfileTCell.xib; sourceTree = "<group>"; };
		B86953012D4A05AD0088B538 /* RequestMoneyCell.xib */ = {isa = PBXFileReference; fileEncoding = 4; lastKnownFileType = file.xib; path = RequestMoneyCell.xib; sourceTree = "<group>"; };
		B86953022D4A05AD0088B538 /* SettingsCell.xib */ = {isa = PBXFileReference; fileEncoding = 4; lastKnownFileType = file.xib; path = SettingsCell.xib; sourceTree = "<group>"; };
		B86953032D4A05AD0088B538 /* TitleCell.xib */ = {isa = PBXFileReference; fileEncoding = 4; lastKnownFileType = file.xib; path = TitleCell.xib; sourceTree = "<group>"; };
		B86953042D4A05AD0088B538 /* TransferCell.xib */ = {isa = PBXFileReference; fileEncoding = 4; lastKnownFileType = file.xib; path = TransferCell.xib; sourceTree = "<group>"; };
		B89D7E192D57C912008B6BE1 /* Extensions.swift */ = {isa = PBXFileReference; lastKnownFileType = sourcecode.swift; path = Extensions.swift; sourceTree = "<group>"; };
		B8C07C902D51E1A4008D506B /* ContactListViewController.swift */ = {isa = PBXFileReference; lastKnownFileType = sourcecode.swift; path = ContactListViewController.swift; sourceTree = "<group>"; };
		B8C07C922D51E231008D506B /* ContactListTableViewCell.swift */ = {isa = PBXFileReference; lastKnownFileType = sourcecode.swift; path = ContactListTableViewCell.swift; sourceTree = "<group>"; };
		B8C07C932D51E231008D506B /* ContactListTableViewCell.xib */ = {isa = PBXFileReference; lastKnownFileType = file.xib; path = ContactListTableViewCell.xib; sourceTree = "<group>"; };
		B8C07C962D51E3E1008D506B /* SearchCell.swift */ = {isa = PBXFileReference; lastKnownFileType = sourcecode.swift; path = SearchCell.swift; sourceTree = "<group>"; };
		B8C07C972D51E3E1008D506B /* SearchCell.xib */ = {isa = PBXFileReference; lastKnownFileType = file.xib; path = SearchCell.xib; sourceTree = "<group>"; };
		B8C07C9A2D51EB77008D506B /* SendReqMoneyViewController.swift */ = {isa = PBXFileReference; lastKnownFileType = sourcecode.swift; path = SendReqMoneyViewController.swift; sourceTree = "<group>"; };
		B8C07C9C2D52093A008D506B /* TextFieldCell.swift */ = {isa = PBXFileReference; lastKnownFileType = sourcecode.swift; path = TextFieldCell.swift; sourceTree = "<group>"; };
		B8C07C9D2D52093A008D506B /* TextFieldCell.xib */ = {isa = PBXFileReference; lastKnownFileType = file.xib; path = TextFieldCell.xib; sourceTree = "<group>"; };
		B8C07CA02D520A00008D506B /* ReferenceCell.swift */ = {isa = PBXFileReference; lastKnownFileType = sourcecode.swift; path = ReferenceCell.swift; sourceTree = "<group>"; };
		B8C07CA12D520A00008D506B /* ReferenceCell.xib */ = {isa = PBXFileReference; lastKnownFileType = file.xib; path = ReferenceCell.xib; sourceTree = "<group>"; };
		B8C07CA42D524E6B008D506B /* PaymentDetailCell.swift */ = {isa = PBXFileReference; lastKnownFileType = sourcecode.swift; path = PaymentDetailCell.swift; sourceTree = "<group>"; };
		B8C07CA52D524E6B008D506B /* PaymentDetailCell.xib */ = {isa = PBXFileReference; lastKnownFileType = file.xib; path = PaymentDetailCell.xib; sourceTree = "<group>"; };
		B8C07CAC2D52500D008D506B /* TransactionDetailCell.swift */ = {isa = PBXFileReference; lastKnownFileType = sourcecode.swift; path = TransactionDetailCell.swift; sourceTree = "<group>"; };
		B8C07CAD2D52500D008D506B /* TransactionDetailCell.xib */ = {isa = PBXFileReference; lastKnownFileType = file.xib; path = TransactionDetailCell.xib; sourceTree = "<group>"; };
		B8C07CB02D525193008D506B /* PaymentDetailsViewController.swift */ = {isa = PBXFileReference; lastKnownFileType = sourcecode.swift; path = PaymentDetailsViewController.swift; sourceTree = "<group>"; };
		B8C07CB22D5257AA008D506B /* ConfirmPayCell.swift */ = {isa = PBXFileReference; lastKnownFileType = sourcecode.swift; path = ConfirmPayCell.swift; sourceTree = "<group>"; };
		B8C07CB32D5257AA008D506B /* ConfirmPayCell.xib */ = {isa = PBXFileReference; lastKnownFileType = file.xib; path = ConfirmPayCell.xib; sourceTree = "<group>"; };
		B8C07CB62D5262CB008D506B /* ConfirmPayViewController.swift */ = {isa = PBXFileReference; lastKnownFileType = sourcecode.swift; path = ConfirmPayViewController.swift; sourceTree = "<group>"; };
		B8C07CB82D5264DF008D506B /* PaySuccessViewController.swift */ = {isa = PBXFileReference; lastKnownFileType = sourcecode.swift; path = PaySuccessViewController.swift; sourceTree = "<group>"; };
		B8C07CBA2D5266F3008D506B /* ShareReceiptViewController.swift */ = {isa = PBXFileReference; lastKnownFileType = sourcecode.swift; path = ShareReceiptViewController.swift; sourceTree = "<group>"; };
		B8D7619B2D561ACC001F9852 /* LoadingIndicatorManager.swift */ = {isa = PBXFileReference; lastKnownFileType = sourcecode.swift; path = LoadingIndicatorManager.swift; sourceTree = "<group>"; };
/* End PBXFileReference section */

/* Begin PBXFrameworksBuildPhase section */
		7DB84ECA2D3AC05800A2C2D6 /* Frameworks */ = {
			isa = PBXFrameworksBuildPhase;
			buildActionMask = 2147483647;
			files = (
				B8B425A32D5B7B750026CE00 /* Alamofire in Frameworks */,
			);
			runOnlyForDeploymentPostprocessing = 0;
		};
		7DB84ED42D3AC05800A2C2D6 /* Frameworks */ = {
			isa = PBXFrameworksBuildPhase;
			buildActionMask = 2147483647;
			files = (
				7DB84ED82D3AC05800A2C2D6 /* LuluSDK.framework in Frameworks */,
			);
			runOnlyForDeploymentPostprocessing = 0;
		};
/* End PBXFrameworksBuildPhase section */

/* Begin PBXGroup section */
		3174329C2D4B51D4001AD0BD /* Codes and Master */ = {
			isa = PBXGroup;
			children = (
				317432972D4B51D4001AD0BD /* BranchSearchModel.swift */,
				317432982D4B51D4001AD0BD /* GetCodesModel.swift */,
				317432992D4B51D4001AD0BD /* MasterBanksModel.swift */,
				3174329A2D4B51D4001AD0BD /* RatesModel.swift */,
				3174329B2D4B51D4001AD0BD /* ServiceCorriderModel.swift */,
			);
			path = "Codes and Master";
			sourceTree = "<group>";
		};
		3174329E2D4B51D4001AD0BD /* Login */ = {
			isa = PBXGroup;
			children = (
				3174329D2D4B51D4001AD0BD /* LoginModel.swift */,
			);
			path = Login;
			sourceTree = "<group>";
		};
		317432A12D4B51D4001AD0BD /* PK - PKR */ = {
			isa = PBXGroup;
			children = (
				3174329F2D4B51D4001AD0BD /* CreateTransactionModel.swift */,
				317432A02D4B51D4001AD0BD /* QuoteModel.swift */,
			);
			path = "PK - PKR";
			sourceTree = "<group>";
		};
		317432A22D4B51D4001AD0BD /* Model */ = {
			isa = PBXGroup;
			children = (
				3174329C2D4B51D4001AD0BD /* Codes and Master */,
				3174329E2D4B51D4001AD0BD /* Login */,
				317432A12D4B51D4001AD0BD /* PK - PKR */,
			);
			path = Model;
			sourceTree = "<group>";
		};
		317432A32D4B51D4001AD0BD /* Presentation */ = {
			isa = PBXGroup;
			children = (
				317432A22D4B51D4001AD0BD /* Model */,
			);
			path = Presentation;
			sourceTree = "<group>";
		};
		31FEF1552D510AB5004611F1 /* UserManager */ = {
			isa = PBXGroup;
			children = (
				31FEF1562D510AC9004611F1 /* UserManager.swift */,
			);
			path = UserManager;
			sourceTree = "<group>";
		};
		7D43C82F2D4D500300C841C2 /* APIServices */ = {
			isa = PBXGroup;
			children = (
				7D43C8302D4D502B00C841C2 /* APIService.swift */,
			);
			path = APIServices;
			sourceTree = "<group>";
		};
		7DB84EC32D3AC05800A2C2D6 = {
			isa = PBXGroup;
			children = (
				7DB84F332D3ACA8C00A2C2D6 /* Media.xcassets */,
				7DB84ECF2D3AC05800A2C2D6 /* LuluSDK */,
				7DB84EDB2D3AC05900A2C2D6 /* LuluSDKTests */,
				7DB84ECE2D3AC05800A2C2D6 /* Products */,
			);
			sourceTree = "<group>";
		};
		7DB84ECE2D3AC05800A2C2D6 /* Products */ = {
			isa = PBXGroup;
			children = (
				7DB84ECD2D3AC05800A2C2D6 /* LuluSDK.framework */,
				7DB84ED72D3AC05800A2C2D6 /* LuluSDKTests.xctest */,
			);
			name = Products;
			sourceTree = "<group>";
		};
		7DB84ECF2D3AC05800A2C2D6 /* LuluSDK */ = {
			isa = PBXGroup;
			children = (
				B8513EA52D54997200E431F0 /* Info.plist */,
				31FEF1552D510AB5004611F1 /* UserManager */,
				7D43C82F2D4D500300C841C2 /* APIServices */,
				317432A32D4B51D4001AD0BD /* Presentation */,
				B869532F2D4A05B90088B538 /* Services */,
				B86953062D4A05AD0088B538 /* View */,
				B86952D82D4A059E0088B538 /* Model */,
				7DB84ED02D3AC05800A2C2D6 /* LuluSDK.h */,
				7DB84ED12D3AC05800A2C2D6 /* LuluSDK.docc */,
				7DB84EED2D3AC1CB00A2C2D6 /* MyStoryboardLoader.swift */,
			);
			path = LuluSDK;
			sourceTree = "<group>";
		};
		7DB84EDB2D3AC05900A2C2D6 /* LuluSDKTests */ = {
			isa = PBXGroup;
			children = (
				7DB84EDC2D3AC05900A2C2D6 /* LuluSDKTests.swift */,
			);
			path = LuluSDKTests;
			sourceTree = "<group>";
		};
		B86952D82D4A059E0088B538 /* Model */ = {
			isa = PBXGroup;
			children = (
				B86952D72D4A059E0088B538 /* Model.swift */,
			);
			path = Model;
			sourceTree = "<group>";
		};
		B86952DD2D4A05AD0088B538 /* Storyboards */ = {
			isa = PBXGroup;
			children = (
				B86952DA2D4A05AD0088B538 /* Lulu.storyboard */,
			);
			path = Storyboards;
			sourceTree = "<group>";
		};
		B86952E72D4A05AD0088B538 /* Viewcontrollers */ = {
			isa = PBXGroup;
			children = (
				B86952DE2D4A05AD0088B538 /* CardsMangementViewController.swift */,
				B86952DF2D4A05AD0088B538 /* DashboardViewController.swift */,
				B86952E02D4A05AD0088B538 /* ProfileViewController.swift */,
				B86952E12D4A05AD0088B538 /* RequestAuthorizationViewController.swift */,
				B86952E22D4A05AD0088B538 /* RequestNewCardController.swift */,
				B86952E32D4A05AD0088B538 /* RequestSuccessViewController.swift */,
				B86952E42D4A05AD0088B538 /* SettingsViewController.swift */,
				B86952E52D4A05AD0088B538 /* TabViewController.swift */,
				B86952E62D4A05AD0088B538 /* TransferMoneyViewController.swift */,
				B8C07C902D51E1A4008D506B /* ContactListViewController.swift */,
				7D43C8322D4D510B00C841C2 /* LoginViewController.swift */,
				B8C07C9A2D51EB77008D506B /* SendReqMoneyViewController.swift */,
				B8C07CB02D525193008D506B /* PaymentDetailsViewController.swift */,
				B8C07CB62D5262CB008D506B /* ConfirmPayViewController.swift */,
				B8C07CB82D5264DF008D506B /* PaySuccessViewController.swift */,
				B8C07CBA2D5266F3008D506B /* ShareReceiptViewController.swift */,
				B8513EA62D54B76200E431F0 /* SendMoneyViewController.swift */,
			);
			path = Viewcontrollers;
			sourceTree = "<group>";
		};
		B86952F62D4A05AD0088B538 /* Views */ = {
			isa = PBXGroup;
			children = (
				B86952E82D4A05AD0088B538 /* ButtonCell.swift */,
				B86952E92D4A05AD0088B538 /* CardBalanceCell.swift */,
				B86952EA2D4A05AD0088B538 /* CardCell.swift */,
				B86952EB2D4A05AD0088B538 /* CustomHeaderView.swift */,
				B86952EC2D4A05AD0088B538 /* ExchangeRateCell.swift */,
				B86952ED2D4A05AD0088B538 /* HeaderViewCell.swift */,
				B86952EF2D4A05AD0088B538 /* NumberPadCell.swift */,
				B86952F02D4A05AD0088B538 /* PinEntryCell.swift */,
				B86952F12D4A05AD0088B538 /* ProfileTCell.swift */,
				B86952F22D4A05AD0088B538 /* RequestMoneyCell.swift */,
				B86952F32D4A05AD0088B538 /* SettingsCell.swift */,
				B86952F42D4A05AD0088B538 /* TitleCell.swift */,
				B86952F52D4A05AD0088B538 /* TransferCell.swift */,
				B83048C92D4E59AB00353003 /* RecentTransactionCell.swift */,
				B8C07C962D51E3E1008D506B /* SearchCell.swift */,
				B8C07C9C2D52093A008D506B /* TextFieldCell.swift */,
				B8C07CA02D520A00008D506B /* ReferenceCell.swift */,
				B8C07CA42D524E6B008D506B /* PaymentDetailCell.swift */,
				B8C07C922D51E231008D506B /* ContactListTableViewCell.swift */,
				B8C07CAC2D52500D008D506B /* TransactionDetailCell.swift */,
				B86952EE2D4A05AD0088B538 /* InstantAccountCell.swift */,
				B8C07CB22D5257AA008D506B /* ConfirmPayCell.swift */,
			);
			path = Views;
			sourceTree = "<group>";
		};
		B86953052D4A05AD0088B538 /* xibs */ = {
			isa = PBXGroup;
			children = (
				B86952F72D4A05AD0088B538 /* ButtonCell.xib */,
				B86952F82D4A05AD0088B538 /* CardBalanceCell.xib */,
				B86952F92D4A05AD0088B538 /* CardCell.xib */,
				B86952FA2D4A05AD0088B538 /* CustomHeaderView.xib */,
				B86952FB2D4A05AD0088B538 /* ExchangeRateCell.xib */,
				B86952FC2D4A05AD0088B538 /* HeaderViewCell.xib */,
				B86952FD2D4A05AD0088B538 /* InstantAccountCell.xib */,
				B86952FE2D4A05AD0088B538 /* NumberPadCell.xib */,
				B86952FF2D4A05AD0088B538 /* PinEntryCell.xib */,
				B86953002D4A05AD0088B538 /* ProfileTCell.xib */,
				B86953012D4A05AD0088B538 /* RequestMoneyCell.xib */,
				B86953022D4A05AD0088B538 /* SettingsCell.xib */,
				B86953032D4A05AD0088B538 /* TitleCell.xib */,
				B86953042D4A05AD0088B538 /* TransferCell.xib */,
				B83048CA2D4E59AB00353003 /* RecentTransactionCell.xib */,
				B8C07C932D51E231008D506B /* ContactListTableViewCell.xib */,
				B8C07C972D51E3E1008D506B /* SearchCell.xib */,
				B8C07C9D2D52093A008D506B /* TextFieldCell.xib */,
				B8C07CA12D520A00008D506B /* ReferenceCell.xib */,
				B8C07CA52D524E6B008D506B /* PaymentDetailCell.xib */,
				B8C07CAD2D52500D008D506B /* TransactionDetailCell.xib */,
				B8C07CB32D5257AA008D506B /* ConfirmPayCell.xib */,
			);
			path = xibs;
			sourceTree = "<group>";
		};
		B86953062D4A05AD0088B538 /* View */ = {
			isa = PBXGroup;
			children = (
				B86952DD2D4A05AD0088B538 /* Storyboards */,
				B86952E72D4A05AD0088B538 /* Viewcontrollers */,
				B86952F62D4A05AD0088B538 /* Views */,
				B86953052D4A05AD0088B538 /* xibs */,
			);
			path = View;
			sourceTree = "<group>";
		};
		B869532F2D4A05B90088B538 /* Services */ = {
			isa = PBXGroup;
			children = (
				B8D7619B2D561ACC001F9852 /* LoadingIndicatorManager.swift */,
				B89D7E192D57C912008B6BE1 /* Extensions.swift */,
			);
			path = "\U0010Services";
			sourceTree = "<group>";
		};
/* End PBXGroup section */

/* Begin PBXHeadersBuildPhase section */
		7DB84EC82D3AC05800A2C2D6 /* Headers */ = {
			isa = PBXHeadersBuildPhase;
			buildActionMask = 2147483647;
			files = (
				7DB84EDE2D3AC05900A2C2D6 /* LuluSDK.h in Headers */,
			);
			runOnlyForDeploymentPostprocessing = 0;
		};
/* End PBXHeadersBuildPhase section */

/* Begin PBXNativeTarget section */
		7DB84ECC2D3AC05800A2C2D6 /* LuluSDK */ = {
			isa = PBXNativeTarget;
			buildConfigurationList = 7DB84EE12D3AC05900A2C2D6 /* Build configuration list for PBXNativeTarget "LuluSDK" */;
			buildPhases = (
				7DB84EC82D3AC05800A2C2D6 /* Headers */,
				7DB84EC92D3AC05800A2C2D6 /* Sources */,
				7DB84ECA2D3AC05800A2C2D6 /* Frameworks */,
				7DB84ECB2D3AC05800A2C2D6 /* Resources */,
			);
			buildRules = (
			);
			dependencies = (
			);
			name = LuluSDK;
			packageProductDependencies = (
				B8B425A22D5B7B750026CE00 /* Alamofire */,
			);
			productName = LuluSDK;
			productReference = 7DB84ECD2D3AC05800A2C2D6 /* LuluSDK.framework */;
			productType = "com.apple.product-type.framework";
		};
		7DB84ED62D3AC05800A2C2D6 /* LuluSDKTests */ = {
			isa = PBXNativeTarget;
			buildConfigurationList = 7DB84EE42D3AC05900A2C2D6 /* Build configuration list for PBXNativeTarget "LuluSDKTests" */;
			buildPhases = (
				7DB84ED32D3AC05800A2C2D6 /* Sources */,
				7DB84ED42D3AC05800A2C2D6 /* Frameworks */,
				7DB84ED52D3AC05800A2C2D6 /* Resources */,
			);
			buildRules = (
			);
			dependencies = (
				7DB84EDA2D3AC05800A2C2D6 /* PBXTargetDependency */,
			);
			name = LuluSDKTests;
			productName = LuluSDKTests;
			productReference = 7DB84ED72D3AC05800A2C2D6 /* LuluSDKTests.xctest */;
			productType = "com.apple.product-type.bundle.unit-test";
		};
/* End PBXNativeTarget section */

/* Begin PBXProject section */
		7DB84EC42D3AC05800A2C2D6 /* Project object */ = {
			isa = PBXProject;
			attributes = {
				BuildIndependentTargetsInParallel = 1;
				LastSwiftUpdateCheck = 1540;
				LastUpgradeCheck = 1540;
				TargetAttributes = {
					7DB84ECC2D3AC05800A2C2D6 = {
						CreatedOnToolsVersion = 15.4;
					};
					7DB84ED62D3AC05800A2C2D6 = {
						CreatedOnToolsVersion = 15.4;
					};
				};
			};
			buildConfigurationList = 7DB84EC72D3AC05800A2C2D6 /* Build configuration list for PBXProject "LuluSDK" */;
			compatibilityVersion = "Xcode 14.0";
			developmentRegion = en;
			hasScannedForEncodings = 0;
			knownRegions = (
				en,
				Base,
			);
			mainGroup = 7DB84EC32D3AC05800A2C2D6;
			packageReferences = (
				B8B425A12D5B7B750026CE00 /* XCRemoteSwiftPackageReference "Alamofire" */,
			);
			productRefGroup = 7DB84ECE2D3AC05800A2C2D6 /* Products */;
			projectDirPath = "";
			projectRoot = "";
			targets = (
				7DB84ECC2D3AC05800A2C2D6 /* LuluSDK */,
				7DB84ED62D3AC05800A2C2D6 /* LuluSDKTests */,
			);
		};
/* End PBXProject section */

/* Begin PBXResourcesBuildPhase section */
		7DB84ECB2D3AC05800A2C2D6 /* Resources */ = {
			isa = PBXResourcesBuildPhase;
			buildActionMask = 2147483647;
			files = (
				B8C07C942D51E231008D506B /* ContactListTableViewCell.xib in Resources */,
				B869532D2D4A05AD0088B538 /* TitleCell.xib in Resources */,
				B8C07CA22D520A00008D506B /* ReferenceCell.xib in Resources */,
				B8C07CB52D5257AA008D506B /* ConfirmPayCell.xib in Resources */,
				B8C07CA72D524E6B008D506B /* PaymentDetailCell.xib in Resources */,
				B86953262D4A05AD0088B538 /* HeaderViewCell.xib in Resources */,
				B86953272D4A05AD0088B538 /* InstantAccountCell.xib in Resources */,
				B869532E2D4A05AD0088B538 /* TransferCell.xib in Resources */,
				B86953292D4A05AD0088B538 /* PinEntryCell.xib in Resources */,
				B869532A2D4A05AD0088B538 /* ProfileTCell.xib in Resources */,
				B8C07C9E2D52093A008D506B /* TextFieldCell.xib in Resources */,
				B86953282D4A05AD0088B538 /* NumberPadCell.xib in Resources */,
				B869532B2D4A05AD0088B538 /* RequestMoneyCell.xib in Resources */,
				B86953232D4A05AD0088B538 /* CardCell.xib in Resources */,
				B86953082D4A05AD0088B538 /* Lulu.storyboard in Resources */,
				B869532C2D4A05AD0088B538 /* SettingsCell.xib in Resources */,
				7DB84F342D3ACA8D00A2C2D6 /* Media.xcassets in Resources */,
				B83048CC2D4E59AB00353003 /* RecentTransactionCell.xib in Resources */,
				B86953252D4A05AD0088B538 /* ExchangeRateCell.xib in Resources */,
				B8C07CAF2D52500D008D506B /* TransactionDetailCell.xib in Resources */,
				B86953222D4A05AD0088B538 /* CardBalanceCell.xib in Resources */,
				B8C07C982D51E3E1008D506B /* SearchCell.xib in Resources */,
				B86953212D4A05AD0088B538 /* ButtonCell.xib in Resources */,
				B86953242D4A05AD0088B538 /* CustomHeaderView.xib in Resources */,
			);
			runOnlyForDeploymentPostprocessing = 0;
		};
		7DB84ED52D3AC05800A2C2D6 /* Resources */ = {
			isa = PBXResourcesBuildPhase;
			buildActionMask = 2147483647;
			files = (
			);
			runOnlyForDeploymentPostprocessing = 0;
		};
/* End PBXResourcesBuildPhase section */

/* Begin PBXSourcesBuildPhase section */
		7DB84EC92D3AC05800A2C2D6 /* Sources */ = {
			isa = PBXSourcesBuildPhase;
			buildActionMask = 2147483647;
			files = (
				7D43C8332D4D510B00C841C2 /* LoginViewController.swift in Sources */,
				B89D7E1A2D57C912008B6BE1 /* Extensions.swift in Sources */,
				B8C07C992D51E3E1008D506B /* SearchCell.swift in Sources */,
				B869531A2D4A05AD0088B538 /* NumberPadCell.swift in Sources */,
				B8C07CA62D524E6B008D506B /* PaymentDetailCell.swift in Sources */,
				7D43C8312D4D502B00C841C2 /* APIService.swift in Sources */,
				317432A42D4B51D4001AD0BD /* BranchSearchModel.swift in Sources */,
				B8C07CB42D5257AA008D506B /* ConfirmPayCell.swift in Sources */,
				B8C07C9F2D52093A008D506B /* TextFieldCell.swift in Sources */,
				B86953162D4A05AD0088B538 /* CustomHeaderView.swift in Sources */,
				317432AA2D4B51D5001AD0BD /* CreateTransactionModel.swift in Sources */,
				317432A62D4B51D4001AD0BD /* MasterBanksModel.swift in Sources */,
				B8C07C9B2D51EB77008D506B /* SendReqMoneyViewController.swift in Sources */,
				B8C07CAE2D52500D008D506B /* TransactionDetailCell.swift in Sources */,
				B86953192D4A05AD0088B538 /* InstantAccountCell.swift in Sources */,
				B869530D2D4A05AD0088B538 /* RequestAuthorizationViewController.swift in Sources */,
				B8C07CA32D520A00008D506B /* ReferenceCell.swift in Sources */,
				317432A52D4B51D4001AD0BD /* GetCodesModel.swift in Sources */,
				B8513EA72D54B76200E431F0 /* SendMoneyViewController.swift in Sources */,
				B86953132D4A05AD0088B538 /* ButtonCell.swift in Sources */,
				B8C07C912D51E1A4008D506B /* ContactListViewController.swift in Sources */,
				B86953182D4A05AD0088B538 /* HeaderViewCell.swift in Sources */,
				B869530C2D4A05AD0088B538 /* ProfileViewController.swift in Sources */,
				B869531F2D4A05AD0088B538 /* TitleCell.swift in Sources */,
				B869530F2D4A05AD0088B538 /* RequestSuccessViewController.swift in Sources */,
				B86953102D4A05AD0088B538 /* SettingsViewController.swift in Sources */,
				B86953172D4A05AD0088B538 /* ExchangeRateCell.swift in Sources */,
				317432A82D4B51D5001AD0BD /* ServiceCorriderModel.swift in Sources */,
				31FEF1572D510AC9004611F1 /* UserManager.swift in Sources */,
				B86953152D4A05AD0088B538 /* CardCell.swift in Sources */,
				317432A72D4B51D5001AD0BD /* RatesModel.swift in Sources */,
				B869531D2D4A05AD0088B538 /* RequestMoneyCell.swift in Sources */,
				B869530E2D4A05AD0088B538 /* RequestNewCardController.swift in Sources */,
				B8C07CB92D5264DF008D506B /* PaySuccessViewController.swift in Sources */,
				B86953202D4A05AD0088B538 /* TransferCell.swift in Sources */,
				B869531C2D4A05AD0088B538 /* ProfileTCell.swift in Sources */,
				B8C07CB72D5262CB008D506B /* ConfirmPayViewController.swift in Sources */,
				317432A92D4B51D5001AD0BD /* LoginModel.swift in Sources */,
				B869531E2D4A05AD0088B538 /* SettingsCell.swift in Sources */,
				317432AB2D4B51D5001AD0BD /* QuoteModel.swift in Sources */,
				B8C07CB12D525193008D506B /* PaymentDetailsViewController.swift in Sources */,
				B86952D92D4A059E0088B538 /* Model.swift in Sources */,
				B86953112D4A05AD0088B538 /* TabViewController.swift in Sources */,
				B8C07CBB2D5266F3008D506B /* ShareReceiptViewController.swift in Sources */,
				B83048CB2D4E59AB00353003 /* RecentTransactionCell.swift in Sources */,
				B869530A2D4A05AD0088B538 /* CardsMangementViewController.swift in Sources */,
				B86953122D4A05AD0088B538 /* TransferMoneyViewController.swift in Sources */,
				B869530B2D4A05AD0088B538 /* DashboardViewController.swift in Sources */,
				7DB84ED22D3AC05800A2C2D6 /* LuluSDK.docc in Sources */,
				B86953142D4A05AD0088B538 /* CardBalanceCell.swift in Sources */,
				B869531B2D4A05AD0088B538 /* PinEntryCell.swift in Sources */,
				B8D7619C2D561ACC001F9852 /* LoadingIndicatorManager.swift in Sources */,
				B8C07C952D51E231008D506B /* ContactListTableViewCell.swift in Sources */,
				7DB84EEE2D3AC1CB00A2C2D6 /* MyStoryboardLoader.swift in Sources */,
			);
			runOnlyForDeploymentPostprocessing = 0;
		};
		7DB84ED32D3AC05800A2C2D6 /* Sources */ = {
			isa = PBXSourcesBuildPhase;
			buildActionMask = 2147483647;
			files = (
				7DB84EDD2D3AC05900A2C2D6 /* LuluSDKTests.swift in Sources */,
			);
			runOnlyForDeploymentPostprocessing = 0;
		};
/* End PBXSourcesBuildPhase section */

/* Begin PBXTargetDependency section */
		7DB84EDA2D3AC05800A2C2D6 /* PBXTargetDependency */ = {
			isa = PBXTargetDependency;
			target = 7DB84ECC2D3AC05800A2C2D6 /* LuluSDK */;
			targetProxy = 7DB84ED92D3AC05800A2C2D6 /* PBXContainerItemProxy */;
		};
/* End PBXTargetDependency section */

/* Begin XCBuildConfiguration section */
		7DB84EDF2D3AC05900A2C2D6 /* Debug */ = {
			isa = XCBuildConfiguration;
			buildSettings = {
				ALWAYS_SEARCH_USER_PATHS = NO;
				ASSETCATALOG_COMPILER_GENERATE_SWIFT_ASSET_SYMBOL_EXTENSIONS = YES;
				CLANG_ANALYZER_NONNULL = YES;
				CLANG_ANALYZER_NUMBER_OBJECT_CONVERSION = YES_AGGRESSIVE;
				CLANG_CXX_LANGUAGE_STANDARD = "gnu++20";
				CLANG_ENABLE_MODULES = YES;
				CLANG_ENABLE_OBJC_ARC = YES;
				CLANG_ENABLE_OBJC_WEAK = YES;
				CLANG_WARN_BLOCK_CAPTURE_AUTORELEASING = YES;
				CLANG_WARN_BOOL_CONVERSION = YES;
				CLANG_WARN_COMMA = YES;
				CLANG_WARN_CONSTANT_CONVERSION = YES;
				CLANG_WARN_DEPRECATED_OBJC_IMPLEMENTATIONS = YES;
				CLANG_WARN_DIRECT_OBJC_ISA_USAGE = YES_ERROR;
				CLANG_WARN_DOCUMENTATION_COMMENTS = YES;
				CLANG_WARN_EMPTY_BODY = YES;
				CLANG_WARN_ENUM_CONVERSION = YES;
				CLANG_WARN_INFINITE_RECURSION = YES;
				CLANG_WARN_INT_CONVERSION = YES;
				CLANG_WARN_NON_LITERAL_NULL_CONVERSION = YES;
				CLANG_WARN_OBJC_IMPLICIT_RETAIN_SELF = YES;
				CLANG_WARN_OBJC_LITERAL_CONVERSION = YES;
				CLANG_WARN_OBJC_ROOT_CLASS = YES_ERROR;
				CLANG_WARN_QUOTED_INCLUDE_IN_FRAMEWORK_HEADER = YES;
				CLANG_WARN_RANGE_LOOP_ANALYSIS = YES;
				CLANG_WARN_STRICT_PROTOTYPES = YES;
				CLANG_WARN_SUSPICIOUS_MOVE = YES;
				CLANG_WARN_UNGUARDED_AVAILABILITY = YES_AGGRESSIVE;
				CLANG_WARN_UNREACHABLE_CODE = YES;
				CLANG_WARN__DUPLICATE_METHOD_MATCH = YES;
				COPY_PHASE_STRIP = NO;
				CURRENT_PROJECT_VERSION = 1;
				DEBUG_INFORMATION_FORMAT = dwarf;
				ENABLE_STRICT_OBJC_MSGSEND = YES;
				ENABLE_TESTABILITY = YES;
				ENABLE_USER_SCRIPT_SANDBOXING = YES;
				GCC_C_LANGUAGE_STANDARD = gnu17;
				GCC_DYNAMIC_NO_PIC = NO;
				GCC_NO_COMMON_BLOCKS = YES;
				GCC_OPTIMIZATION_LEVEL = 0;
				GCC_PREPROCESSOR_DEFINITIONS = (
					"DEBUG=1",
					"$(inherited)",
				);
				GCC_WARN_64_TO_32_BIT_CONVERSION = YES;
				GCC_WARN_ABOUT_RETURN_TYPE = YES_ERROR;
				GCC_WARN_UNDECLARED_SELECTOR = YES;
				GCC_WARN_UNINITIALIZED_AUTOS = YES_AGGRESSIVE;
				GCC_WARN_UNUSED_FUNCTION = YES;
				GCC_WARN_UNUSED_VARIABLE = YES;
				IPHONEOS_DEPLOYMENT_TARGET = 17.5;
				LOCALIZATION_PREFERS_STRING_CATALOGS = YES;
				MTL_ENABLE_DEBUG_INFO = INCLUDE_SOURCE;
				MTL_FAST_MATH = YES;
				ONLY_ACTIVE_ARCH = YES;
				SDKROOT = iphoneos;
				SWIFT_ACTIVE_COMPILATION_CONDITIONS = "DEBUG $(inherited)";
				SWIFT_OPTIMIZATION_LEVEL = "-Onone";
				VERSIONING_SYSTEM = "apple-generic";
				VERSION_INFO_PREFIX = "";
			};
			name = Debug;
		};
		7DB84EE02D3AC05900A2C2D6 /* Release */ = {
			isa = XCBuildConfiguration;
			buildSettings = {
				ALWAYS_SEARCH_USER_PATHS = NO;
				ASSETCATALOG_COMPILER_GENERATE_SWIFT_ASSET_SYMBOL_EXTENSIONS = YES;
				CLANG_ANALYZER_NONNULL = YES;
				CLANG_ANALYZER_NUMBER_OBJECT_CONVERSION = YES_AGGRESSIVE;
				CLANG_CXX_LANGUAGE_STANDARD = "gnu++20";
				CLANG_ENABLE_MODULES = YES;
				CLANG_ENABLE_OBJC_ARC = YES;
				CLANG_ENABLE_OBJC_WEAK = YES;
				CLANG_WARN_BLOCK_CAPTURE_AUTORELEASING = YES;
				CLANG_WARN_BOOL_CONVERSION = YES;
				CLANG_WARN_COMMA = YES;
				CLANG_WARN_CONSTANT_CONVERSION = YES;
				CLANG_WARN_DEPRECATED_OBJC_IMPLEMENTATIONS = YES;
				CLANG_WARN_DIRECT_OBJC_ISA_USAGE = YES_ERROR;
				CLANG_WARN_DOCUMENTATION_COMMENTS = YES;
				CLANG_WARN_EMPTY_BODY = YES;
				CLANG_WARN_ENUM_CONVERSION = YES;
				CLANG_WARN_INFINITE_RECURSION = YES;
				CLANG_WARN_INT_CONVERSION = YES;
				CLANG_WARN_NON_LITERAL_NULL_CONVERSION = YES;
				CLANG_WARN_OBJC_IMPLICIT_RETAIN_SELF = YES;
				CLANG_WARN_OBJC_LITERAL_CONVERSION = YES;
				CLANG_WARN_OBJC_ROOT_CLASS = YES_ERROR;
				CLANG_WARN_QUOTED_INCLUDE_IN_FRAMEWORK_HEADER = YES;
				CLANG_WARN_RANGE_LOOP_ANALYSIS = YES;
				CLANG_WARN_STRICT_PROTOTYPES = YES;
				CLANG_WARN_SUSPICIOUS_MOVE = YES;
				CLANG_WARN_UNGUARDED_AVAILABILITY = YES_AGGRESSIVE;
				CLANG_WARN_UNREACHABLE_CODE = YES;
				CLANG_WARN__DUPLICATE_METHOD_MATCH = YES;
				COPY_PHASE_STRIP = NO;
				CURRENT_PROJECT_VERSION = 1;
				DEBUG_INFORMATION_FORMAT = "dwarf-with-dsym";
				ENABLE_NS_ASSERTIONS = NO;
				ENABLE_STRICT_OBJC_MSGSEND = YES;
				ENABLE_USER_SCRIPT_SANDBOXING = YES;
				GCC_C_LANGUAGE_STANDARD = gnu17;
				GCC_NO_COMMON_BLOCKS = YES;
				GCC_WARN_64_TO_32_BIT_CONVERSION = YES;
				GCC_WARN_ABOUT_RETURN_TYPE = YES_ERROR;
				GCC_WARN_UNDECLARED_SELECTOR = YES;
				GCC_WARN_UNINITIALIZED_AUTOS = YES_AGGRESSIVE;
				GCC_WARN_UNUSED_FUNCTION = YES;
				GCC_WARN_UNUSED_VARIABLE = YES;
				IPHONEOS_DEPLOYMENT_TARGET = 17.5;
				LOCALIZATION_PREFERS_STRING_CATALOGS = YES;
				MTL_ENABLE_DEBUG_INFO = NO;
				MTL_FAST_MATH = YES;
				SDKROOT = iphoneos;
				SWIFT_COMPILATION_MODE = wholemodule;
				VALIDATE_PRODUCT = YES;
				VERSIONING_SYSTEM = "apple-generic";
				VERSION_INFO_PREFIX = "";
			};
			name = Release;
		};
		7DB84EE22D3AC05900A2C2D6 /* Debug */ = {
			isa = XCBuildConfiguration;
			buildSettings = {
				BUILD_LIBRARY_FOR_DISTRIBUTION = YES;
				CODE_SIGN_STYLE = Manual;
				CURRENT_PROJECT_VERSION = 1;
				DEFINES_MODULE = YES;
				DEVELOPMENT_TEAM = "";
				DYLIB_COMPATIBILITY_VERSION = 1;
				DYLIB_CURRENT_VERSION = 1;
				DYLIB_INSTALL_NAME_BASE = "@rpath";
				ENABLE_MODULE_VERIFIER = YES;
				GENERATE_INFOPLIST_FILE = YES;
				INFOPLIST_FILE = LuluSDK/Info.plist;
				INFOPLIST_KEY_NSHumanReadableCopyright = "";
				INFOPLIST_KEY_UIUserInterfaceStyle = Light;
				INSTALL_PATH = "$(LOCAL_LIBRARY_DIR)/Frameworks";
				LD_RUNPATH_SEARCH_PATHS = (
					"$(inherited)",
					"@executable_path/Frameworks",
					"@loader_path/Frameworks",
				);
				MARKETING_VERSION = 1.0;
				MODULE_VERIFIER_SUPPORTED_LANGUAGES = "objective-c objective-c++";
				MODULE_VERIFIER_SUPPORTED_LANGUAGE_STANDARDS = "gnu17 gnu++20";
				PRODUCT_BUNDLE_IDENTIFIER = com.finance.LuluSDK;
				PRODUCT_NAME = "$(TARGET_NAME:c99extidentifier)";
				PROVISIONING_PROFILE_SPECIFIER = "";
				SKIP_INSTALL = YES;
				SWIFT_EMIT_LOC_STRINGS = YES;
				SWIFT_INSTALL_OBJC_HEADER = NO;
				SWIFT_VERSION = 5.0;
				TARGETED_DEVICE_FAMILY = "1,2";
			};
			name = Debug;
		};
		7DB84EE32D3AC05900A2C2D6 /* Release */ = {
			isa = XCBuildConfiguration;
			buildSettings = {
				BUILD_LIBRARY_FOR_DISTRIBUTION = YES;
				CODE_SIGN_STYLE = Manual;
				CURRENT_PROJECT_VERSION = 1;
				DEFINES_MODULE = YES;
				DEVELOPMENT_TEAM = "";
				DYLIB_COMPATIBILITY_VERSION = 1;
				DYLIB_CURRENT_VERSION = 1;
				DYLIB_INSTALL_NAME_BASE = "@rpath";
				ENABLE_MODULE_VERIFIER = YES;
				GENERATE_INFOPLIST_FILE = YES;
				INFOPLIST_FILE = LuluSDK/Info.plist;
				INFOPLIST_KEY_NSHumanReadableCopyright = "";
				INFOPLIST_KEY_UIUserInterfaceStyle = Light;
				INSTALL_PATH = "$(LOCAL_LIBRARY_DIR)/Frameworks";
				LD_RUNPATH_SEARCH_PATHS = (
					"$(inherited)",
					"@executable_path/Frameworks",
					"@loader_path/Frameworks",
				);
				MARKETING_VERSION = 1.0;
				MODULE_VERIFIER_SUPPORTED_LANGUAGES = "objective-c objective-c++";
				MODULE_VERIFIER_SUPPORTED_LANGUAGE_STANDARDS = "gnu17 gnu++20";
				PRODUCT_BUNDLE_IDENTIFIER = com.finance.LuluSDK;
				PRODUCT_NAME = "$(TARGET_NAME:c99extidentifier)";
				PROVISIONING_PROFILE_SPECIFIER = "";
				SKIP_INSTALL = YES;
				SWIFT_EMIT_LOC_STRINGS = YES;
				SWIFT_INSTALL_OBJC_HEADER = NO;
				SWIFT_VERSION = 5.0;
				TARGETED_DEVICE_FAMILY = "1,2";
			};
			name = Release;
		};
		7DB84EE52D3AC05900A2C2D6 /* Debug */ = {
			isa = XCBuildConfiguration;
			buildSettings = {
				ALWAYS_EMBED_SWIFT_STANDARD_LIBRARIES = YES;
				CODE_SIGN_STYLE = Automatic;
				CURRENT_PROJECT_VERSION = 1;
				DEVELOPMENT_TEAM = NTK2YJ2FVJ;
				GENERATE_INFOPLIST_FILE = YES;
				INFOPLIST_KEY_UIUserInterfaceStyle = Light;
				MARKETING_VERSION = 1.0;
				PRODUCT_BUNDLE_IDENTIFIER = com.finance.LuluSDKTests;
				PRODUCT_NAME = "$(TARGET_NAME)";
				SWIFT_EMIT_LOC_STRINGS = NO;
				SWIFT_VERSION = 5.0;
				TARGETED_DEVICE_FAMILY = "1,2";
			};
			name = Debug;
		};
		7DB84EE62D3AC05900A2C2D6 /* Release */ = {
			isa = XCBuildConfiguration;
			buildSettings = {
				ALWAYS_EMBED_SWIFT_STANDARD_LIBRARIES = YES;
				CODE_SIGN_STYLE = Automatic;
				CURRENT_PROJECT_VERSION = 1;
				DEVELOPMENT_TEAM = NTK2YJ2FVJ;
				GENERATE_INFOPLIST_FILE = YES;
				INFOPLIST_KEY_UIUserInterfaceStyle = Light;
				MARKETING_VERSION = 1.0;
				PRODUCT_BUNDLE_IDENTIFIER = com.finance.LuluSDKTests;
				PRODUCT_NAME = "$(TARGET_NAME)";
				SWIFT_EMIT_LOC_STRINGS = NO;
				SWIFT_VERSION = 5.0;
				TARGETED_DEVICE_FAMILY = "1,2";
			};
			name = Release;
		};
/* End XCBuildConfiguration section */

/* Begin XCConfigurationList section */
		7DB84EC72D3AC05800A2C2D6 /* Build configuration list for PBXProject "LuluSDK" */ = {
			isa = XCConfigurationList;
			buildConfigurations = (
				7DB84EDF2D3AC05900A2C2D6 /* Debug */,
				7DB84EE02D3AC05900A2C2D6 /* Release */,
			);
			defaultConfigurationIsVisible = 0;
			defaultConfigurationName = Release;
		};
		7DB84EE12D3AC05900A2C2D6 /* Build configuration list for PBXNativeTarget "LuluSDK" */ = {
			isa = XCConfigurationList;
			buildConfigurations = (
				7DB84EE22D3AC05900A2C2D6 /* Debug */,
				7DB84EE32D3AC05900A2C2D6 /* Release */,
			);
			defaultConfigurationIsVisible = 0;
			defaultConfigurationName = Release;
		};
		7DB84EE42D3AC05900A2C2D6 /* Build configuration list for PBXNativeTarget "LuluSDKTests" */ = {
			isa = XCConfigurationList;
			buildConfigurations = (
				7DB84EE52D3AC05900A2C2D6 /* Debug */,
				7DB84EE62D3AC05900A2C2D6 /* Release */,
			);
			defaultConfigurationIsVisible = 0;
			defaultConfigurationName = Release;
		};
/* End XCConfigurationList section */

/* Begin XCRemoteSwiftPackageReference section */
		B8B425A12D5B7B750026CE00 /* XCRemoteSwiftPackageReference "Alamofire" */ = {
			isa = XCRemoteSwiftPackageReference;
			repositoryURL = "https://github.com/Alamofire/Alamofire.git";
			requirement = {
				kind = upToNextMajorVersion;
				minimumVersion = 5.10.2;
			};
		};
/* End XCRemoteSwiftPackageReference section */

/* Begin XCSwiftPackageProductDependency section */
		B8B425A22D5B7B750026CE00 /* Alamofire */ = {
			isa = XCSwiftPackageProductDependency;
			package = B8B425A12D5B7B750026CE00 /* XCRemoteSwiftPackageReference "Alamofire" */;
			productName = Alamofire;
		};
/* End XCSwiftPackageProductDependency section */
	};
	rootObject = 7DB84EC42D3AC05800A2C2D6 /* Project object */;
}
