// !$*UTF8*$!
{
	archiveVersion = 1;
	classes = {
	};
	objectVersion = 56;
	objects = {

/* Begin PBXBuildFile section */
		7DB84ED22D3AC05800A2C2D6 /* LuluSDK.docc in Sources */ = {isa = PBXBuildFile; fileRef = 7DB84ED12D3AC05800A2C2D6 /* LuluSDK.docc */; };
		7DB84ED82D3AC05800A2C2D6 /* LuluSDK.framework in Frameworks */ = {isa = PBXBuildFile; fileRef = 7DB84ECD2D3AC05800A2C2D6 /* LuluSDK.framework */; };
		7DB84EDD2D3AC05900A2C2D6 /* LuluSDKTests.swift in Sources */ = {isa = PBXBuildFile; fileRef = 7DB84EDC2D3AC05900A2C2D6 /* LuluSDKTests.swift */; };
		7DB84EDE2D3AC05900A2C2D6 /* LuluSDK.h in Headers */ = {isa = PBXBuildFile; fileRef = 7DB84ED02D3AC05800A2C2D6 /* LuluSDK.h */; settings = {ATTRIBUTES = (Public, ); }; };
		7DB84EEE2D3AC1CB00A2C2D6 /* MyStoryboardLoader.swift in Sources */ = {isa = PBXBuildFile; fileRef = 7DB84EED2D3AC1CB00A2C2D6 /* MyStoryboardLoader.swift */; };
		7DB84F342D3ACA8D00A2C2D6 /* Media.xcassets in Resources */ = {isa = PBXBuildFile; fileRef = 7DB84F332D3ACA8C00A2C2D6 /* Media.xcassets */; };
		B8D287E92D49E9D500EF0F59 /* CardsMangementViewController.swift in Sources */ = {isa = PBXBuildFile; fileRef = B8D287BA2D49E9D500EF0F59 /* CardsMangementViewController.swift */; };
		B8D287EA2D49E9D500EF0F59 /* DashboardViewController.swift in Sources */ = {isa = PBXBuildFile; fileRef = B8D287BB2D49E9D500EF0F59 /* DashboardViewController.swift */; };
		B8D287EB2D49E9D500EF0F59 /* ProfileViewController.swift in Sources */ = {isa = PBXBuildFile; fileRef = B8D287BC2D49E9D500EF0F59 /* ProfileViewController.swift */; };
		B8D287EC2D49E9D500EF0F59 /* RequestAuthorizationViewController.swift in Sources */ = {isa = PBXBuildFile; fileRef = B8D287BD2D49E9D500EF0F59 /* RequestAuthorizationViewController.swift */; };
		B8D287ED2D49E9D500EF0F59 /* RequestNewCardController.swift in Sources */ = {isa = PBXBuildFile; fileRef = B8D287BE2D49E9D500EF0F59 /* RequestNewCardController.swift */; };
		B8D287EE2D49E9D500EF0F59 /* RequestSuccessViewController.swift in Sources */ = {isa = PBXBuildFile; fileRef = B8D287BF2D49E9D500EF0F59 /* RequestSuccessViewController.swift */; };
		B8D287EF2D49E9D500EF0F59 /* SettingsViewController.swift in Sources */ = {isa = PBXBuildFile; fileRef = B8D287C02D49E9D500EF0F59 /* SettingsViewController.swift */; };
		B8D287F02D49E9D500EF0F59 /* TabViewController.swift in Sources */ = {isa = PBXBuildFile; fileRef = B8D287C12D49E9D500EF0F59 /* TabViewController.swift */; };
		B8D287F12D49E9D500EF0F59 /* TransferMoneyViewController.swift in Sources */ = {isa = PBXBuildFile; fileRef = B8D287C22D49E9D500EF0F59 /* TransferMoneyViewController.swift */; };
		B8D287F22D49E9D500EF0F59 /* ButtonCell.swift in Sources */ = {isa = PBXBuildFile; fileRef = B8D287C42D49E9D500EF0F59 /* ButtonCell.swift */; };
		B8D287F32D49E9D500EF0F59 /* CardBalanceCell.swift in Sources */ = {isa = PBXBuildFile; fileRef = B8D287C52D49E9D500EF0F59 /* CardBalanceCell.swift */; };
		B8D287F42D49E9D500EF0F59 /* CardCell.swift in Sources */ = {isa = PBXBuildFile; fileRef = B8D287C62D49E9D500EF0F59 /* CardCell.swift */; };
		B8D287F52D49E9D500EF0F59 /* CustomHeaderView.swift in Sources */ = {isa = PBXBuildFile; fileRef = B8D287C72D49E9D500EF0F59 /* CustomHeaderView.swift */; };
		B8D287F62D49E9D500EF0F59 /* ExchangeRateCell.swift in Sources */ = {isa = PBXBuildFile; fileRef = B8D287C82D49E9D500EF0F59 /* ExchangeRateCell.swift */; };
		B8D287F72D49E9D500EF0F59 /* HeaderViewCell.swift in Sources */ = {isa = PBXBuildFile; fileRef = B8D287C92D49E9D500EF0F59 /* HeaderViewCell.swift */; };
		B8D287F82D49E9D500EF0F59 /* InstantAccountCell.swift in Sources */ = {isa = PBXBuildFile; fileRef = B8D287CA2D49E9D500EF0F59 /* InstantAccountCell.swift */; };
		B8D287F92D49E9D500EF0F59 /* NumberPadCell.swift in Sources */ = {isa = PBXBuildFile; fileRef = B8D287CB2D49E9D500EF0F59 /* NumberPadCell.swift */; };
		B8D287FA2D49E9D500EF0F59 /* PinEntryCell.swift in Sources */ = {isa = PBXBuildFile; fileRef = B8D287CC2D49E9D500EF0F59 /* PinEntryCell.swift */; };
		B8D287FB2D49E9D500EF0F59 /* ProfileTCell.swift in Sources */ = {isa = PBXBuildFile; fileRef = B8D287CD2D49E9D500EF0F59 /* ProfileTCell.swift */; };
		B8D287FC2D49E9D500EF0F59 /* RequestMoneyCell.swift in Sources */ = {isa = PBXBuildFile; fileRef = B8D287CE2D49E9D500EF0F59 /* RequestMoneyCell.swift */; };
		B8D287FD2D49E9D500EF0F59 /* SettingsCell.swift in Sources */ = {isa = PBXBuildFile; fileRef = B8D287CF2D49E9D500EF0F59 /* SettingsCell.swift */; };
		B8D287FE2D49E9D500EF0F59 /* TitleCell.swift in Sources */ = {isa = PBXBuildFile; fileRef = B8D287D02D49E9D500EF0F59 /* TitleCell.swift */; };
		B8D287FF2D49E9D500EF0F59 /* TransferCell.swift in Sources */ = {isa = PBXBuildFile; fileRef = B8D287D12D49E9D500EF0F59 /* TransferCell.swift */; };
		B8D288002D49E9D500EF0F59 /* ButtonCell.xib in Resources */ = {isa = PBXBuildFile; fileRef = B8D287D32D49E9D500EF0F59 /* ButtonCell.xib */; };
		B8D288012D49E9D500EF0F59 /* CardBalanceCell.xib in Resources */ = {isa = PBXBuildFile; fileRef = B8D287D42D49E9D500EF0F59 /* CardBalanceCell.xib */; };
		B8D288022D49E9D500EF0F59 /* CardCell.xib in Resources */ = {isa = PBXBuildFile; fileRef = B8D287D52D49E9D500EF0F59 /* CardCell.xib */; };
		B8D288032D49E9D500EF0F59 /* CustomHeaderView.xib in Resources */ = {isa = PBXBuildFile; fileRef = B8D287D62D49E9D500EF0F59 /* CustomHeaderView.xib */; };
		B8D288042D49E9D500EF0F59 /* ExchangeRateCell.xib in Resources */ = {isa = PBXBuildFile; fileRef = B8D287D72D49E9D500EF0F59 /* ExchangeRateCell.xib */; };
		B8D288052D49E9D500EF0F59 /* HeaderViewCell.xib in Resources */ = {isa = PBXBuildFile; fileRef = B8D287D82D49E9D500EF0F59 /* HeaderViewCell.xib */; };
		B8D288062D49E9D500EF0F59 /* InstantAccountCell.xib in Resources */ = {isa = PBXBuildFile; fileRef = B8D287D92D49E9D500EF0F59 /* InstantAccountCell.xib */; };
		B8D288072D49E9D500EF0F59 /* NumberPadCell.xib in Resources */ = {isa = PBXBuildFile; fileRef = B8D287DA2D49E9D500EF0F59 /* NumberPadCell.xib */; };
		B8D288082D49E9D500EF0F59 /* PinEntryCell.xib in Resources */ = {isa = PBXBuildFile; fileRef = B8D287DB2D49E9D500EF0F59 /* PinEntryCell.xib */; };
		B8D288092D49E9D500EF0F59 /* ProfileTCell.xib in Resources */ = {isa = PBXBuildFile; fileRef = B8D287DC2D49E9D500EF0F59 /* ProfileTCell.xib */; };
		B8D2880A2D49E9D500EF0F59 /* RequestMoneyCell.xib in Resources */ = {isa = PBXBuildFile; fileRef = B8D287DD2D49E9D500EF0F59 /* RequestMoneyCell.xib */; };
		B8D2880B2D49E9D500EF0F59 /* SettingsCell.xib in Resources */ = {isa = PBXBuildFile; fileRef = B8D287DE2D49E9D500EF0F59 /* SettingsCell.xib */; };
		B8D2880C2D49E9D500EF0F59 /* TitleCell.xib in Resources */ = {isa = PBXBuildFile; fileRef = B8D287DF2D49E9D500EF0F59 /* TitleCell.xib */; };
		B8D2880D2D49E9D500EF0F59 /* TransferCell.xib in Resources */ = {isa = PBXBuildFile; fileRef = B8D287E02D49E9D500EF0F59 /* TransferCell.xib */; };
		B8D2880E2D49E9D500EF0F59 /* Model.swift in Sources */ = {isa = PBXBuildFile; fileRef = B8D287E42D49E9D500EF0F59 /* Model.swift */; };
		B8D288122D49EAEB00EF0F59 /* Lulu.storyboard in Resources */ = {isa = PBXBuildFile; fileRef = B8D288112D49EAEB00EF0F59 /* Lulu.storyboard */; };
/* End PBXBuildFile section */

/* Begin PBXContainerItemProxy section */
		7DB84ED92D3AC05800A2C2D6 /* PBXContainerItemProxy */ = {
			isa = PBXContainerItemProxy;
			containerPortal = 7DB84EC42D3AC05800A2C2D6 /* Project object */;
			proxyType = 1;
			remoteGlobalIDString = 7DB84ECC2D3AC05800A2C2D6;
			remoteInfo = LuluSDK;
		};
/* End PBXContainerItemProxy section */

/* Begin PBXFileReference section */
		7DB84ECD2D3AC05800A2C2D6 /* LuluSDK.framework */ = {isa = PBXFileReference; explicitFileType = wrapper.framework; includeInIndex = 0; path = LuluSDK.framework; sourceTree = BUILT_PRODUCTS_DIR; };
		7DB84ED02D3AC05800A2C2D6 /* LuluSDK.h */ = {isa = PBXFileReference; lastKnownFileType = sourcecode.c.h; path = LuluSDK.h; sourceTree = "<group>"; };
		7DB84ED12D3AC05800A2C2D6 /* LuluSDK.docc */ = {isa = PBXFileReference; lastKnownFileType = folder.documentationcatalog; path = LuluSDK.docc; sourceTree = "<group>"; };
		7DB84ED72D3AC05800A2C2D6 /* LuluSDKTests.xctest */ = {isa = PBXFileReference; explicitFileType = wrapper.cfbundle; includeInIndex = 0; path = LuluSDKTests.xctest; sourceTree = BUILT_PRODUCTS_DIR; };
		7DB84EDC2D3AC05900A2C2D6 /* LuluSDKTests.swift */ = {isa = PBXFileReference; lastKnownFileType = sourcecode.swift; path = LuluSDKTests.swift; sourceTree = "<group>"; };
		7DB84EED2D3AC1CB00A2C2D6 /* MyStoryboardLoader.swift */ = {isa = PBXFileReference; lastKnownFileType = sourcecode.swift; path = MyStoryboardLoader.swift; sourceTree = "<group>"; };
		7DB84F332D3ACA8C00A2C2D6 /* Media.xcassets */ = {isa = PBXFileReference; lastKnownFileType = folder.assetcatalog; path = Media.xcassets; sourceTree = "<group>"; };
		B8D287BA2D49E9D500EF0F59 /* CardsMangementViewController.swift */ = {isa = PBXFileReference; fileEncoding = 4; lastKnownFileType = sourcecode.swift; path = CardsMangementViewController.swift; sourceTree = "<group>"; };
		B8D287BB2D49E9D500EF0F59 /* DashboardViewController.swift */ = {isa = PBXFileReference; fileEncoding = 4; lastKnownFileType = sourcecode.swift; path = DashboardViewController.swift; sourceTree = "<group>"; };
		B8D287BC2D49E9D500EF0F59 /* ProfileViewController.swift */ = {isa = PBXFileReference; fileEncoding = 4; lastKnownFileType = sourcecode.swift; path = ProfileViewController.swift; sourceTree = "<group>"; };
		B8D287BD2D49E9D500EF0F59 /* RequestAuthorizationViewController.swift */ = {isa = PBXFileReference; fileEncoding = 4; lastKnownFileType = sourcecode.swift; path = RequestAuthorizationViewController.swift; sourceTree = "<group>"; };
		B8D287BE2D49E9D500EF0F59 /* RequestNewCardController.swift */ = {isa = PBXFileReference; fileEncoding = 4; lastKnownFileType = sourcecode.swift; path = RequestNewCardController.swift; sourceTree = "<group>"; };
		B8D287BF2D49E9D500EF0F59 /* RequestSuccessViewController.swift */ = {isa = PBXFileReference; fileEncoding = 4; lastKnownFileType = sourcecode.swift; path = RequestSuccessViewController.swift; sourceTree = "<group>"; };
		B8D287C02D49E9D500EF0F59 /* SettingsViewController.swift */ = {isa = PBXFileReference; fileEncoding = 4; lastKnownFileType = sourcecode.swift; path = SettingsViewController.swift; sourceTree = "<group>"; };
		B8D287C12D49E9D500EF0F59 /* TabViewController.swift */ = {isa = PBXFileReference; fileEncoding = 4; lastKnownFileType = sourcecode.swift; path = TabViewController.swift; sourceTree = "<group>"; };
		B8D287C22D49E9D500EF0F59 /* TransferMoneyViewController.swift */ = {isa = PBXFileReference; fileEncoding = 4; lastKnownFileType = sourcecode.swift; path = TransferMoneyViewController.swift; sourceTree = "<group>"; };
		B8D287C42D49E9D500EF0F59 /* ButtonCell.swift */ = {isa = PBXFileReference; fileEncoding = 4; lastKnownFileType = sourcecode.swift; path = ButtonCell.swift; sourceTree = "<group>"; };
		B8D287C52D49E9D500EF0F59 /* CardBalanceCell.swift */ = {isa = PBXFileReference; fileEncoding = 4; lastKnownFileType = sourcecode.swift; path = CardBalanceCell.swift; sourceTree = "<group>"; };
		B8D287C62D49E9D500EF0F59 /* CardCell.swift */ = {isa = PBXFileReference; fileEncoding = 4; lastKnownFileType = sourcecode.swift; path = CardCell.swift; sourceTree = "<group>"; };
		B8D287C72D49E9D500EF0F59 /* CustomHeaderView.swift */ = {isa = PBXFileReference; fileEncoding = 4; lastKnownFileType = sourcecode.swift; path = CustomHeaderView.swift; sourceTree = "<group>"; };
		B8D287C82D49E9D500EF0F59 /* ExchangeRateCell.swift */ = {isa = PBXFileReference; fileEncoding = 4; lastKnownFileType = sourcecode.swift; path = ExchangeRateCell.swift; sourceTree = "<group>"; };
		B8D287C92D49E9D500EF0F59 /* HeaderViewCell.swift */ = {isa = PBXFileReference; fileEncoding = 4; lastKnownFileType = sourcecode.swift; path = HeaderViewCell.swift; sourceTree = "<group>"; };
		B8D287CA2D49E9D500EF0F59 /* InstantAccountCell.swift */ = {isa = PBXFileReference; fileEncoding = 4; lastKnownFileType = sourcecode.swift; path = InstantAccountCell.swift; sourceTree = "<group>"; };
		B8D287CB2D49E9D500EF0F59 /* NumberPadCell.swift */ = {isa = PBXFileReference; fileEncoding = 4; lastKnownFileType = sourcecode.swift; path = NumberPadCell.swift; sourceTree = "<group>"; };
		B8D287CC2D49E9D500EF0F59 /* PinEntryCell.swift */ = {isa = PBXFileReference; fileEncoding = 4; lastKnownFileType = sourcecode.swift; path = PinEntryCell.swift; sourceTree = "<group>"; };
		B8D287CD2D49E9D500EF0F59 /* ProfileTCell.swift */ = {isa = PBXFileReference; fileEncoding = 4; lastKnownFileType = sourcecode.swift; path = ProfileTCell.swift; sourceTree = "<group>"; };
		B8D287CE2D49E9D500EF0F59 /* RequestMoneyCell.swift */ = {isa = PBXFileReference; fileEncoding = 4; lastKnownFileType = sourcecode.swift; path = RequestMoneyCell.swift; sourceTree = "<group>"; };
		B8D287CF2D49E9D500EF0F59 /* SettingsCell.swift */ = {isa = PBXFileReference; fileEncoding = 4; lastKnownFileType = sourcecode.swift; path = SettingsCell.swift; sourceTree = "<group>"; };
		B8D287D02D49E9D500EF0F59 /* TitleCell.swift */ = {isa = PBXFileReference; fileEncoding = 4; lastKnownFileType = sourcecode.swift; path = TitleCell.swift; sourceTree = "<group>"; };
		B8D287D12D49E9D500EF0F59 /* TransferCell.swift */ = {isa = PBXFileReference; fileEncoding = 4; lastKnownFileType = sourcecode.swift; path = TransferCell.swift; sourceTree = "<group>"; };
		B8D287D32D49E9D500EF0F59 /* ButtonCell.xib */ = {isa = PBXFileReference; fileEncoding = 4; lastKnownFileType = file.xib; path = ButtonCell.xib; sourceTree = "<group>"; };
		B8D287D42D49E9D500EF0F59 /* CardBalanceCell.xib */ = {isa = PBXFileReference; fileEncoding = 4; lastKnownFileType = file.xib; path = CardBalanceCell.xib; sourceTree = "<group>"; };
		B8D287D52D49E9D500EF0F59 /* CardCell.xib */ = {isa = PBXFileReference; fileEncoding = 4; lastKnownFileType = file.xib; path = CardCell.xib; sourceTree = "<group>"; };
		B8D287D62D49E9D500EF0F59 /* CustomHeaderView.xib */ = {isa = PBXFileReference; fileEncoding = 4; lastKnownFileType = file.xib; path = CustomHeaderView.xib; sourceTree = "<group>"; };
		B8D287D72D49E9D500EF0F59 /* ExchangeRateCell.xib */ = {isa = PBXFileReference; fileEncoding = 4; lastKnownFileType = file.xib; path = ExchangeRateCell.xib; sourceTree = "<group>"; };
		B8D287D82D49E9D500EF0F59 /* HeaderViewCell.xib */ = {isa = PBXFileReference; fileEncoding = 4; lastKnownFileType = file.xib; path = HeaderViewCell.xib; sourceTree = "<group>"; };
		B8D287D92D49E9D500EF0F59 /* InstantAccountCell.xib */ = {isa = PBXFileReference; fileEncoding = 4; lastKnownFileType = file.xib; path = InstantAccountCell.xib; sourceTree = "<group>"; };
		B8D287DA2D49E9D500EF0F59 /* NumberPadCell.xib */ = {isa = PBXFileReference; fileEncoding = 4; lastKnownFileType = file.xib; path = NumberPadCell.xib; sourceTree = "<group>"; };
		B8D287DB2D49E9D500EF0F59 /* PinEntryCell.xib */ = {isa = PBXFileReference; fileEncoding = 4; lastKnownFileType = file.xib; path = PinEntryCell.xib; sourceTree = "<group>"; };
		B8D287DC2D49E9D500EF0F59 /* ProfileTCell.xib */ = {isa = PBXFileReference; fileEncoding = 4; lastKnownFileType = file.xib; path = ProfileTCell.xib; sourceTree = "<group>"; };
		B8D287DD2D49E9D500EF0F59 /* RequestMoneyCell.xib */ = {isa = PBXFileReference; fileEncoding = 4; lastKnownFileType = file.xib; path = RequestMoneyCell.xib; sourceTree = "<group>"; };
		B8D287DE2D49E9D500EF0F59 /* SettingsCell.xib */ = {isa = PBXFileReference; fileEncoding = 4; lastKnownFileType = file.xib; path = SettingsCell.xib; sourceTree = "<group>"; };
		B8D287DF2D49E9D500EF0F59 /* TitleCell.xib */ = {isa = PBXFileReference; fileEncoding = 4; lastKnownFileType = file.xib; path = TitleCell.xib; sourceTree = "<group>"; };
		B8D287E02D49E9D500EF0F59 /* TransferCell.xib */ = {isa = PBXFileReference; fileEncoding = 4; lastKnownFileType = file.xib; path = TransferCell.xib; sourceTree = "<group>"; };
		B8D287E42D49E9D500EF0F59 /* Model.swift */ = {isa = PBXFileReference; fileEncoding = 4; lastKnownFileType = sourcecode.swift; path = Model.swift; sourceTree = "<group>"; };
		B8D288112D49EAEB00EF0F59 /* Lulu.storyboard */ = {isa = PBXFileReference; fileEncoding = 4; lastKnownFileType = file.storyboard; name = Lulu.storyboard; path = ../../../../../../../ASP/Lulu.storyboard; sourceTree = "<group>"; };
/* End PBXFileReference section */

/* Begin PBXFrameworksBuildPhase section */
		7DB84ECA2D3AC05800A2C2D6 /* Frameworks */ = {
			isa = PBXFrameworksBuildPhase;
			buildActionMask = 2147483647;
			files = (
			);
			runOnlyForDeploymentPostprocessing = 0;
		};
		7DB84ED42D3AC05800A2C2D6 /* Frameworks */ = {
			isa = PBXFrameworksBuildPhase;
			buildActionMask = 2147483647;
			files = (
				7DB84ED82D3AC05800A2C2D6 /* LuluSDK.framework in Frameworks */,
			);
			runOnlyForDeploymentPostprocessing = 0;
		};
/* End PBXFrameworksBuildPhase section */

/* Begin PBXGroup section */
		7DB84EC32D3AC05800A2C2D6 = {
			isa = PBXGroup;
			children = (
				7DB84F332D3ACA8C00A2C2D6 /* Media.xcassets */,
				B8D287E52D49E9D500EF0F59 /* Model */,
				B8D287E32D49E9D500EF0F59 /* Services */,
				B8D287E22D49E9D500EF0F59 /* View */,
				B8D287E62D49E9D500EF0F59 /* ViewModel */,
				7DB84ECF2D3AC05800A2C2D6 /* LuluSDK */,
				7DB84EDB2D3AC05900A2C2D6 /* LuluSDKTests */,
				7DB84ECE2D3AC05800A2C2D6 /* Products */,
			);
			sourceTree = "<group>";
		};
		7DB84ECE2D3AC05800A2C2D6 /* Products */ = {
			isa = PBXGroup;
			children = (
				7DB84ECD2D3AC05800A2C2D6 /* LuluSDK.framework */,
				7DB84ED72D3AC05800A2C2D6 /* LuluSDKTests.xctest */,
			);
			name = Products;
			sourceTree = "<group>";
		};
		7DB84ECF2D3AC05800A2C2D6 /* LuluSDK */ = {
			isa = PBXGroup;
			children = (
				7DB84ED02D3AC05800A2C2D6 /* LuluSDK.h */,
				7DB84ED12D3AC05800A2C2D6 /* LuluSDK.docc */,
				7DB84EED2D3AC1CB00A2C2D6 /* MyStoryboardLoader.swift */,
			);
			path = LuluSDK;
			sourceTree = "<group>";
		};
		7DB84EDB2D3AC05900A2C2D6 /* LuluSDKTests */ = {
			isa = PBXGroup;
			children = (
				7DB84EDC2D3AC05900A2C2D6 /* LuluSDKTests.swift */,
			);
			path = LuluSDKTests;
			sourceTree = "<group>";
		};
		B8D287B92D49E9D500EF0F59 /* Storyboards */ = {
			isa = PBXGroup;
			children = (
				B8D288112D49EAEB00EF0F59 /* Lulu.storyboard */,
			);
			path = Storyboards;
			sourceTree = "<group>";
		};
		B8D287C32D49E9D500EF0F59 /* Viewcontrollers */ = {
			isa = PBXGroup;
			children = (
				B8D287BA2D49E9D500EF0F59 /* CardsMangementViewController.swift */,
				B8D287BB2D49E9D500EF0F59 /* DashboardViewController.swift */,
				B8D287BC2D49E9D500EF0F59 /* ProfileViewController.swift */,
				B8D287BD2D49E9D500EF0F59 /* RequestAuthorizationViewController.swift */,
				B8D287BE2D49E9D500EF0F59 /* RequestNewCardController.swift */,
				B8D287BF2D49E9D500EF0F59 /* RequestSuccessViewController.swift */,
				B8D287C02D49E9D500EF0F59 /* SettingsViewController.swift */,
				B8D287C12D49E9D500EF0F59 /* TabViewController.swift */,
				B8D287C22D49E9D500EF0F59 /* TransferMoneyViewController.swift */,
			);
			path = Viewcontrollers;
			sourceTree = "<group>";
		};
		B8D287D22D49E9D500EF0F59 /* xib Class */ = {
			isa = PBXGroup;
			children = (
				B8D287C42D49E9D500EF0F59 /* ButtonCell.swift */,
				B8D287C52D49E9D500EF0F59 /* CardBalanceCell.swift */,
				B8D287C62D49E9D500EF0F59 /* CardCell.swift */,
				B8D287C72D49E9D500EF0F59 /* CustomHeaderView.swift */,
				B8D287C82D49E9D500EF0F59 /* ExchangeRateCell.swift */,
				B8D287C92D49E9D500EF0F59 /* HeaderViewCell.swift */,
				B8D287CA2D49E9D500EF0F59 /* InstantAccountCell.swift */,
				B8D287CB2D49E9D500EF0F59 /* NumberPadCell.swift */,
				B8D287CC2D49E9D500EF0F59 /* PinEntryCell.swift */,
				B8D287CD2D49E9D500EF0F59 /* ProfileTCell.swift */,
				B8D287CE2D49E9D500EF0F59 /* RequestMoneyCell.swift */,
				B8D287CF2D49E9D500EF0F59 /* SettingsCell.swift */,
				B8D287D02D49E9D500EF0F59 /* TitleCell.swift */,
				B8D287D12D49E9D500EF0F59 /* TransferCell.swift */,
			);
			path = "xib Class";
			sourceTree = "<group>";
		};
		B8D287E12D49E9D500EF0F59 /* xibs */ = {
			isa = PBXGroup;
			children = (
				B8D287D32D49E9D500EF0F59 /* ButtonCell.xib */,
				B8D287D42D49E9D500EF0F59 /* CardBalanceCell.xib */,
				B8D287D52D49E9D500EF0F59 /* CardCell.xib */,
				B8D287D62D49E9D500EF0F59 /* CustomHeaderView.xib */,
				B8D287D72D49E9D500EF0F59 /* ExchangeRateCell.xib */,
				B8D287D82D49E9D500EF0F59 /* HeaderViewCell.xib */,
				B8D287D92D49E9D500EF0F59 /* InstantAccountCell.xib */,
				B8D287DA2D49E9D500EF0F59 /* NumberPadCell.xib */,
				B8D287DB2D49E9D500EF0F59 /* PinEntryCell.xib */,
				B8D287DC2D49E9D500EF0F59 /* ProfileTCell.xib */,
				B8D287DD2D49E9D500EF0F59 /* RequestMoneyCell.xib */,
				B8D287DE2D49E9D500EF0F59 /* SettingsCell.xib */,
				B8D287DF2D49E9D500EF0F59 /* TitleCell.xib */,
				B8D287E02D49E9D500EF0F59 /* TransferCell.xib */,
			);
			path = xibs;
			sourceTree = "<group>";
		};
		B8D287E22D49E9D500EF0F59 /* View */ = {
			isa = PBXGroup;
			children = (
				B8D287B92D49E9D500EF0F59 /* Storyboards */,
				B8D287C32D49E9D500EF0F59 /* Viewcontrollers */,
				B8D287D22D49E9D500EF0F59 /* xib Class */,
				B8D287E12D49E9D500EF0F59 /* xibs */,
			);
			name = View;
			path = ../../LuluPay_iOS_test/LuluPay_iOS_Testing/Sample/View;
			sourceTree = "<group>";
		};
		B8D287E32D49E9D500EF0F59 /* Services */ = {
			isa = PBXGroup;
			children = (
			);
			name = "\U0010Services";
			path = "../../LuluPay_iOS_test/LuluPay_iOS_Testing/Sample/\U0010Services";
			sourceTree = "<group>";
		};
		B8D287E52D49E9D500EF0F59 /* Model */ = {
			isa = PBXGroup;
			children = (
				B8D287E42D49E9D500EF0F59 /* Model.swift */,
			);
			name = Model;
			path = ../../LuluPay_iOS_test/LuluPay_iOS_Testing/Sample/Model;
			sourceTree = "<group>";
		};
		B8D287E62D49E9D500EF0F59 /* ViewModel */ = {
			isa = PBXGroup;
			children = (
			);
			name = ViewModel;
			path = ../../LuluPay_iOS_test/LuluPay_iOS_Testing/Sample/ViewModel;
			sourceTree = "<group>";
		};
/* End PBXGroup section */

/* Begin PBXHeadersBuildPhase section */
		7DB84EC82D3AC05800A2C2D6 /* Headers */ = {
			isa = PBXHeadersBuildPhase;
			buildActionMask = 2147483647;
			files = (
				7DB84EDE2D3AC05900A2C2D6 /* LuluSDK.h in Headers */,
			);
			runOnlyForDeploymentPostprocessing = 0;
		};
/* End PBXHeadersBuildPhase section */

/* Begin PBXNativeTarget section */
		7DB84ECC2D3AC05800A2C2D6 /* LuluSDK */ = {
			isa = PBXNativeTarget;
			buildConfigurationList = 7DB84EE12D3AC05900A2C2D6 /* Build configuration list for PBXNativeTarget "LuluSDK" */;
			buildPhases = (
				7DB84EC82D3AC05800A2C2D6 /* Headers */,
				7DB84EC92D3AC05800A2C2D6 /* Sources */,
				7DB84ECA2D3AC05800A2C2D6 /* Frameworks */,
				7DB84ECB2D3AC05800A2C2D6 /* Resources */,
			);
			buildRules = (
			);
			dependencies = (
			);
			name = LuluSDK;
			productName = LuluSDK;
			productReference = 7DB84ECD2D3AC05800A2C2D6 /* LuluSDK.framework */;
			productType = "com.apple.product-type.framework";
		};
		7DB84ED62D3AC05800A2C2D6 /* LuluSDKTests */ = {
			isa = PBXNativeTarget;
			buildConfigurationList = 7DB84EE42D3AC05900A2C2D6 /* Build configuration list for PBXNativeTarget "LuluSDKTests" */;
			buildPhases = (
				7DB84ED32D3AC05800A2C2D6 /* Sources */,
				7DB84ED42D3AC05800A2C2D6 /* Frameworks */,
				7DB84ED52D3AC05800A2C2D6 /* Resources */,
			);
			buildRules = (
			);
			dependencies = (
				7DB84EDA2D3AC05800A2C2D6 /* PBXTargetDependency */,
			);
			name = LuluSDKTests;
			productName = LuluSDKTests;
			productReference = 7DB84ED72D3AC05800A2C2D6 /* LuluSDKTests.xctest */;
			productType = "com.apple.product-type.bundle.unit-test";
		};
/* End PBXNativeTarget section */

/* Begin PBXProject section */
		7DB84EC42D3AC05800A2C2D6 /* Project object */ = {
			isa = PBXProject;
			attributes = {
				BuildIndependentTargetsInParallel = 1;
				LastSwiftUpdateCheck = 1540;
				LastUpgradeCheck = 1540;
				TargetAttributes = {
					7DB84ECC2D3AC05800A2C2D6 = {
						CreatedOnToolsVersion = 15.4;
					};
					7DB84ED62D3AC05800A2C2D6 = {
						CreatedOnToolsVersion = 15.4;
					};
				};
			};
			buildConfigurationList = 7DB84EC72D3AC05800A2C2D6 /* Build configuration list for PBXProject "LuluSDK" */;
			compatibilityVersion = "Xcode 14.0";
			developmentRegion = en;
			hasScannedForEncodings = 0;
			knownRegions = (
				en,
				Base,
			);
			mainGroup = 7DB84EC32D3AC05800A2C2D6;
			productRefGroup = 7DB84ECE2D3AC05800A2C2D6 /* Products */;
			projectDirPath = "";
			projectRoot = "";
			targets = (
				7DB84ECC2D3AC05800A2C2D6 /* LuluSDK */,
				7DB84ED62D3AC05800A2C2D6 /* LuluSDKTests */,
			);
		};
/* End PBXProject section */

/* Begin PBXResourcesBuildPhase section */
		7DB84ECB2D3AC05800A2C2D6 /* Resources */ = {
			isa = PBXResourcesBuildPhase;
			buildActionMask = 2147483647;
			files = (
				B8D288072D49E9D500EF0F59 /* NumberPadCell.xib in Resources */,
				B8D288042D49E9D500EF0F59 /* ExchangeRateCell.xib in Resources */,
				B8D2880D2D49E9D500EF0F59 /* TransferCell.xib in Resources */,
				B8D2880B2D49E9D500EF0F59 /* SettingsCell.xib in Resources */,
				B8D288092D49E9D500EF0F59 /* ProfileTCell.xib in Resources */,
				B8D288012D49E9D500EF0F59 /* CardBalanceCell.xib in Resources */,
				B8D2880A2D49E9D500EF0F59 /* RequestMoneyCell.xib in Resources */,
				7DB84F342D3ACA8D00A2C2D6 /* Media.xcassets in Resources */,
				B8D288122D49EAEB00EF0F59 /* Lulu.storyboard in Resources */,
				B8D288022D49E9D500EF0F59 /* CardCell.xib in Resources */,
				B8D288032D49E9D500EF0F59 /* CustomHeaderView.xib in Resources */,
				B8D288082D49E9D500EF0F59 /* PinEntryCell.xib in Resources */,
				B8D288002D49E9D500EF0F59 /* ButtonCell.xib in Resources */,
				B8D288052D49E9D500EF0F59 /* HeaderViewCell.xib in Resources */,
				B8D288062D49E9D500EF0F59 /* InstantAccountCell.xib in Resources */,
				B8D2880C2D49E9D500EF0F59 /* TitleCell.xib in Resources */,
			);
			runOnlyForDeploymentPostprocessing = 0;
		};
		7DB84ED52D3AC05800A2C2D6 /* Resources */ = {
			isa = PBXResourcesBuildPhase;
			buildActionMask = 2147483647;
			files = (
			);
			runOnlyForDeploymentPostprocessing = 0;
		};
/* End PBXResourcesBuildPhase section */

/* Begin PBXSourcesBuildPhase section */
		7DB84EC92D3AC05800A2C2D6 /* Sources */ = {
			isa = PBXSourcesBuildPhase;
			buildActionMask = 2147483647;
			files = (
				B8D287FF2D49E9D500EF0F59 /* TransferCell.swift in Sources */,
				B8D287FD2D49E9D500EF0F59 /* SettingsCell.swift in Sources */,
				B8D287F62D49E9D500EF0F59 /* ExchangeRateCell.swift in Sources */,
				B8D287F32D49E9D500EF0F59 /* CardBalanceCell.swift in Sources */,
				B8D287FA2D49E9D500EF0F59 /* PinEntryCell.swift in Sources */,
				7DB84ED22D3AC05800A2C2D6 /* LuluSDK.docc in Sources */,
				7DB84EEE2D3AC1CB00A2C2D6 /* MyStoryboardLoader.swift in Sources */,
				B8D287FB2D49E9D500EF0F59 /* ProfileTCell.swift in Sources */,
				B8D287EC2D49E9D500EF0F59 /* RequestAuthorizationViewController.swift in Sources */,
				B8D287EB2D49E9D500EF0F59 /* ProfileViewController.swift in Sources */,
				B8D287E92D49E9D500EF0F59 /* CardsMangementViewController.swift in Sources */,
				B8D287F72D49E9D500EF0F59 /* HeaderViewCell.swift in Sources */,
				B8D287FC2D49E9D500EF0F59 /* RequestMoneyCell.swift in Sources */,
				B8D287FE2D49E9D500EF0F59 /* TitleCell.swift in Sources */,
				B8D287ED2D49E9D500EF0F59 /* RequestNewCardController.swift in Sources */,
				B8D287F82D49E9D500EF0F59 /* InstantAccountCell.swift in Sources */,
				B8D287F42D49E9D500EF0F59 /* CardCell.swift in Sources */,
				B8D287EE2D49E9D500EF0F59 /* RequestSuccessViewController.swift in Sources */,
				B8D287EA2D49E9D500EF0F59 /* DashboardViewController.swift in Sources */,
				B8D2880E2D49E9D500EF0F59 /* Model.swift in Sources */,
				B8D287F52D49E9D500EF0F59 /* CustomHeaderView.swift in Sources */,
				B8D287F92D49E9D500EF0F59 /* NumberPadCell.swift in Sources */,
				B8D287F02D49E9D500EF0F59 /* TabViewController.swift in Sources */,
				B8D287EF2D49E9D500EF0F59 /* SettingsViewController.swift in Sources */,
				B8D287F12D49E9D500EF0F59 /* TransferMoneyViewController.swift in Sources */,
				B8D287F22D49E9D500EF0F59 /* ButtonCell.swift in Sources */,
			);
			runOnlyForDeploymentPostprocessing = 0;
		};
		7DB84ED32D3AC05800A2C2D6 /* Sources */ = {
			isa = PBXSourcesBuildPhase;
			buildActionMask = 2147483647;
			files = (
				7DB84EDD2D3AC05900A2C2D6 /* LuluSDKTests.swift in Sources */,
			);
			runOnlyForDeploymentPostprocessing = 0;
		};
/* End PBXSourcesBuildPhase section */

/* Begin PBXTargetDependency section */
		7DB84EDA2D3AC05800A2C2D6 /* PBXTargetDependency */ = {
			isa = PBXTargetDependency;
			target = 7DB84ECC2D3AC05800A2C2D6 /* LuluSDK */;
			targetProxy = 7DB84ED92D3AC05800A2C2D6 /* PBXContainerItemProxy */;
		};
/* End PBXTargetDependency section */

/* Begin XCBuildConfiguration section */
		7DB84EDF2D3AC05900A2C2D6 /* Debug */ = {
			isa = XCBuildConfiguration;
			buildSettings = {
				ALWAYS_SEARCH_USER_PATHS = NO;
				ASSETCATALOG_COMPILER_GENERATE_SWIFT_ASSET_SYMBOL_EXTENSIONS = YES;
				CLANG_ANALYZER_NONNULL = YES;
				CLANG_ANALYZER_NUMBER_OBJECT_CONVERSION = YES_AGGRESSIVE;
				CLANG_CXX_LANGUAGE_STANDARD = "gnu++20";
				CLANG_ENABLE_MODULES = YES;
				CLANG_ENABLE_OBJC_ARC = YES;
				CLANG_ENABLE_OBJC_WEAK = YES;
				CLANG_WARN_BLOCK_CAPTURE_AUTORELEASING = YES;
				CLANG_WARN_BOOL_CONVERSION = YES;
				CLANG_WARN_COMMA = YES;
				CLANG_WARN_CONSTANT_CONVERSION = YES;
				CLANG_WARN_DEPRECATED_OBJC_IMPLEMENTATIONS = YES;
				CLANG_WARN_DIRECT_OBJC_ISA_USAGE = YES_ERROR;
				CLANG_WARN_DOCUMENTATION_COMMENTS = YES;
				CLANG_WARN_EMPTY_BODY = YES;
				CLANG_WARN_ENUM_CONVERSION = YES;
				CLANG_WARN_INFINITE_RECURSION = YES;
				CLANG_WARN_INT_CONVERSION = YES;
				CLANG_WARN_NON_LITERAL_NULL_CONVERSION = YES;
				CLANG_WARN_OBJC_IMPLICIT_RETAIN_SELF = YES;
				CLANG_WARN_OBJC_LITERAL_CONVERSION = YES;
				CLANG_WARN_OBJC_ROOT_CLASS = YES_ERROR;
				CLANG_WARN_QUOTED_INCLUDE_IN_FRAMEWORK_HEADER = YES;
				CLANG_WARN_RANGE_LOOP_ANALYSIS = YES;
				CLANG_WARN_STRICT_PROTOTYPES = YES;
				CLANG_WARN_SUSPICIOUS_MOVE = YES;
				CLANG_WARN_UNGUARDED_AVAILABILITY = YES_AGGRESSIVE;
				CLANG_WARN_UNREACHABLE_CODE = YES;
				CLANG_WARN__DUPLICATE_METHOD_MATCH = YES;
				COPY_PHASE_STRIP = NO;
				CURRENT_PROJECT_VERSION = 1;
				DEBUG_INFORMATION_FORMAT = dwarf;
				ENABLE_STRICT_OBJC_MSGSEND = YES;
				ENABLE_TESTABILITY = YES;
				ENABLE_USER_SCRIPT_SANDBOXING = YES;
				GCC_C_LANGUAGE_STANDARD = gnu17;
				GCC_DYNAMIC_NO_PIC = NO;
				GCC_NO_COMMON_BLOCKS = YES;
				GCC_OPTIMIZATION_LEVEL = 0;
				GCC_PREPROCESSOR_DEFINITIONS = (
					"DEBUG=1",
					"$(inherited)",
				);
				GCC_WARN_64_TO_32_BIT_CONVERSION = YES;
				GCC_WARN_ABOUT_RETURN_TYPE = YES_ERROR;
				GCC_WARN_UNDECLARED_SELECTOR = YES;
				GCC_WARN_UNINITIALIZED_AUTOS = YES_AGGRESSIVE;
				GCC_WARN_UNUSED_FUNCTION = YES;
				GCC_WARN_UNUSED_VARIABLE = YES;
				IPHONEOS_DEPLOYMENT_TARGET = 17.5;
				LOCALIZATION_PREFERS_STRING_CATALOGS = YES;
				MTL_ENABLE_DEBUG_INFO = INCLUDE_SOURCE;
				MTL_FAST_MATH = YES;
				ONLY_ACTIVE_ARCH = YES;
				SDKROOT = iphoneos;
				SWIFT_ACTIVE_COMPILATION_CONDITIONS = "DEBUG $(inherited)";
				SWIFT_OPTIMIZATION_LEVEL = "-Onone";
				VERSIONING_SYSTEM = "apple-generic";
				VERSION_INFO_PREFIX = "";
			};
			name = Debug;
		};
		7DB84EE02D3AC05900A2C2D6 /* Release */ = {
			isa = XCBuildConfiguration;
			buildSettings = {
				ALWAYS_SEARCH_USER_PATHS = NO;
				ASSETCATALOG_COMPILER_GENERATE_SWIFT_ASSET_SYMBOL_EXTENSIONS = YES;
				CLANG_ANALYZER_NONNULL = YES;
				CLANG_ANALYZER_NUMBER_OBJECT_CONVERSION = YES_AGGRESSIVE;
				CLANG_CXX_LANGUAGE_STANDARD = "gnu++20";
				CLANG_ENABLE_MODULES = YES;
				CLANG_ENABLE_OBJC_ARC = YES;
				CLANG_ENABLE_OBJC_WEAK = YES;
				CLANG_WARN_BLOCK_CAPTURE_AUTORELEASING = YES;
				CLANG_WARN_BOOL_CONVERSION = YES;
				CLANG_WARN_COMMA = YES;
				CLANG_WARN_CONSTANT_CONVERSION = YES;
				CLANG_WARN_DEPRECATED_OBJC_IMPLEMENTATIONS = YES;
				CLANG_WARN_DIRECT_OBJC_ISA_USAGE = YES_ERROR;
				CLANG_WARN_DOCUMENTATION_COMMENTS = YES;
				CLANG_WARN_EMPTY_BODY = YES;
				CLANG_WARN_ENUM_CONVERSION = YES;
				CLANG_WARN_INFINITE_RECURSION = YES;
				CLANG_WARN_INT_CONVERSION = YES;
				CLANG_WARN_NON_LITERAL_NULL_CONVERSION = YES;
				CLANG_WARN_OBJC_IMPLICIT_RETAIN_SELF = YES;
				CLANG_WARN_OBJC_LITERAL_CONVERSION = YES;
				CLANG_WARN_OBJC_ROOT_CLASS = YES_ERROR;
				CLANG_WARN_QUOTED_INCLUDE_IN_FRAMEWORK_HEADER = YES;
				CLANG_WARN_RANGE_LOOP_ANALYSIS = YES;
				CLANG_WARN_STRICT_PROTOTYPES = YES;
				CLANG_WARN_SUSPICIOUS_MOVE = YES;
				CLANG_WARN_UNGUARDED_AVAILABILITY = YES_AGGRESSIVE;
				CLANG_WARN_UNREACHABLE_CODE = YES;
				CLANG_WARN__DUPLICATE_METHOD_MATCH = YES;
				COPY_PHASE_STRIP = NO;
				CURRENT_PROJECT_VERSION = 1;
				DEBUG_INFORMATION_FORMAT = "dwarf-with-dsym";
				ENABLE_NS_ASSERTIONS = NO;
				ENABLE_STRICT_OBJC_MSGSEND = YES;
				ENABLE_USER_SCRIPT_SANDBOXING = YES;
				GCC_C_LANGUAGE_STANDARD = gnu17;
				GCC_NO_COMMON_BLOCKS = YES;
				GCC_WARN_64_TO_32_BIT_CONVERSION = YES;
				GCC_WARN_ABOUT_RETURN_TYPE = YES_ERROR;
				GCC_WARN_UNDECLARED_SELECTOR = YES;
				GCC_WARN_UNINITIALIZED_AUTOS = YES_AGGRESSIVE;
				GCC_WARN_UNUSED_FUNCTION = YES;
				GCC_WARN_UNUSED_VARIABLE = YES;
				IPHONEOS_DEPLOYMENT_TARGET = 17.5;
				LOCALIZATION_PREFERS_STRING_CATALOGS = YES;
				MTL_ENABLE_DEBUG_INFO = NO;
				MTL_FAST_MATH = YES;
				SDKROOT = iphoneos;
				SWIFT_COMPILATION_MODE = wholemodule;
				VALIDATE_PRODUCT = YES;
				VERSIONING_SYSTEM = "apple-generic";
				VERSION_INFO_PREFIX = "";
			};
			name = Release;
		};
		7DB84EE22D3AC05900A2C2D6 /* Debug */ = {
			isa = XCBuildConfiguration;
			buildSettings = {
				BUILD_LIBRARY_FOR_DISTRIBUTION = YES;
				CODE_SIGN_STYLE = Automatic;
				CURRENT_PROJECT_VERSION = 1;
				DEFINES_MODULE = YES;
				DEVELOPMENT_TEAM = 58NJPFPP73;
				DYLIB_COMPATIBILITY_VERSION = 1;
				DYLIB_CURRENT_VERSION = 1;
				DYLIB_INSTALL_NAME_BASE = "@rpath";
				ENABLE_MODULE_VERIFIER = YES;
				GENERATE_INFOPLIST_FILE = YES;
				INFOPLIST_KEY_NSHumanReadableCopyright = "";
				INSTALL_PATH = "$(LOCAL_LIBRARY_DIR)/Frameworks";
				LD_RUNPATH_SEARCH_PATHS = (
					"$(inherited)",
					"@executable_path/Frameworks",
					"@loader_path/Frameworks",
				);
				MARKETING_VERSION = 1.0;
				MODULE_VERIFIER_SUPPORTED_LANGUAGES = "objective-c objective-c++";
				MODULE_VERIFIER_SUPPORTED_LANGUAGE_STANDARDS = "gnu17 gnu++20";
				PRODUCT_BUNDLE_IDENTIFIER = com.finance.LuluSDK;
				PRODUCT_NAME = "$(TARGET_NAME:c99extidentifier)";
				SKIP_INSTALL = YES;
				SWIFT_EMIT_LOC_STRINGS = YES;
				SWIFT_INSTALL_OBJC_HEADER = NO;
				SWIFT_VERSION = 5.0;
				TARGETED_DEVICE_FAMILY = "1,2";
			};
			name = Debug;
		};
		7DB84EE32D3AC05900A2C2D6 /* Release */ = {
			isa = XCBuildConfiguration;
			buildSettings = {
				BUILD_LIBRARY_FOR_DISTRIBUTION = YES;
				CODE_SIGN_STYLE = Automatic;
				CURRENT_PROJECT_VERSION = 1;
				DEFINES_MODULE = YES;
				DEVELOPMENT_TEAM = 58NJPFPP73;
				DYLIB_COMPATIBILITY_VERSION = 1;
				DYLIB_CURRENT_VERSION = 1;
				DYLIB_INSTALL_NAME_BASE = "@rpath";
				ENABLE_MODULE_VERIFIER = YES;
				GENERATE_INFOPLIST_FILE = YES;
				INFOPLIST_KEY_NSHumanReadableCopyright = "";
				INSTALL_PATH = "$(LOCAL_LIBRARY_DIR)/Frameworks";
				LD_RUNPATH_SEARCH_PATHS = (
					"$(inherited)",
					"@executable_path/Frameworks",
					"@loader_path/Frameworks",
				);
				MARKETING_VERSION = 1.0;
				MODULE_VERIFIER_SUPPORTED_LANGUAGES = "objective-c objective-c++";
				MODULE_VERIFIER_SUPPORTED_LANGUAGE_STANDARDS = "gnu17 gnu++20";
				PRODUCT_BUNDLE_IDENTIFIER = com.finance.LuluSDK;
				PRODUCT_NAME = "$(TARGET_NAME:c99extidentifier)";
				SKIP_INSTALL = YES;
				SWIFT_EMIT_LOC_STRINGS = YES;
				SWIFT_INSTALL_OBJC_HEADER = NO;
				SWIFT_VERSION = 5.0;
				TARGETED_DEVICE_FAMILY = "1,2";
			};
			name = Release;
		};
		7DB84EE52D3AC05900A2C2D6 /* Debug */ = {
			isa = XCBuildConfiguration;
			buildSettings = {
				ALWAYS_EMBED_SWIFT_STANDARD_LIBRARIES = YES;
				CODE_SIGN_STYLE = Automatic;
				CURRENT_PROJECT_VERSION = 1;
				DEVELOPMENT_TEAM = 58NJPFPP73;
				GENERATE_INFOPLIST_FILE = YES;
				MARKETING_VERSION = 1.0;
				PRODUCT_BUNDLE_IDENTIFIER = com.finance.LuluSDKTests;
				PRODUCT_NAME = "$(TARGET_NAME)";
				SWIFT_EMIT_LOC_STRINGS = NO;
				SWIFT_VERSION = 5.0;
				TARGETED_DEVICE_FAMILY = "1,2";
			};
			name = Debug;
		};
		7DB84EE62D3AC05900A2C2D6 /* Release */ = {
			isa = XCBuildConfiguration;
			buildSettings = {
				ALWAYS_EMBED_SWIFT_STANDARD_LIBRARIES = YES;
				CODE_SIGN_STYLE = Automatic;
				CURRENT_PROJECT_VERSION = 1;
				DEVELOPMENT_TEAM = 58NJPFPP73;
				GENERATE_INFOPLIST_FILE = YES;
				MARKETING_VERSION = 1.0;
				PRODUCT_BUNDLE_IDENTIFIER = com.finance.LuluSDKTests;
				PRODUCT_NAME = "$(TARGET_NAME)";
				SWIFT_EMIT_LOC_STRINGS = NO;
				SWIFT_VERSION = 5.0;
				TARGETED_DEVICE_FAMILY = "1,2";
			};
			name = Release;
		};
/* End XCBuildConfiguration section */

/* Begin XCConfigurationList section */
		7DB84EC72D3AC05800A2C2D6 /* Build configuration list for PBXProject "LuluSDK" */ = {
			isa = XCConfigurationList;
			buildConfigurations = (
				7DB84EDF2D3AC05900A2C2D6 /* Debug */,
				7DB84EE02D3AC05900A2C2D6 /* Release */,
			);
			defaultConfigurationIsVisible = 0;
			defaultConfigurationName = Release;
		};
		7DB84EE12D3AC05900A2C2D6 /* Build configuration list for PBXNativeTarget "LuluSDK" */ = {
			isa = XCConfigurationList;
			buildConfigurations = (
				7DB84EE22D3AC05900A2C2D6 /* Debug */,
				7DB84EE32D3AC05900A2C2D6 /* Release */,
			);
			defaultConfigurationIsVisible = 0;
			defaultConfigurationName = Release;
		};
		7DB84EE42D3AC05900A2C2D6 /* Build configuration list for PBXNativeTarget "LuluSDKTests" */ = {
			isa = XCConfigurationList;
			buildConfigurations = (
				7DB84EE52D3AC05900A2C2D6 /* Debug */,
				7DB84EE62D3AC05900A2C2D6 /* Release */,
			);
			defaultConfigurationIsVisible = 0;
			defaultConfigurationName = Release;
		};
/* End XCConfigurationList section */
	};
	rootObject = 7DB84EC42D3AC05800A2C2D6 /* Project object */;
}
