// !$*UTF8*$!
{
	archiveVersion = 1;
	classes = {
	};
	objectVersion = 56;
	objects = {

/* Begin PBXBuildFile section */
		31B4AACD2D47BF0C008AE20B /* LoginModel.swift in Sources */ = {isa = PBXBuildFile; fileRef = 31B4AACC2D47BF0C008AE20B /* LoginModel.swift */; };
		31B4AACF2D47C045008AE20B /* GetCodesModel.swift in Sources */ = {isa = PBXBuildFile; fileRef = 31B4AACE2D47C045008AE20B /* GetCodesModel.swift */; };
		31B4AAD12D47C1E8008AE20B /* ServiceCorriderModel.swift in Sources */ = {isa = PBXBuildFile; fileRef = 31B4AAD02D47C1E8008AE20B /* ServiceCorriderModel.swift */; };
		31B4AAD62D48FFB3008AE20B /* RatesModel.swift in Sources */ = {isa = PBXBuildFile; fileRef = 31B4AAD52D48FFB3008AE20B /* RatesModel.swift */; };
		31B4AAD82D49007E008AE20B /* MasterBanksModel.swift in Sources */ = {isa = PBXBuildFile; fileRef = 31B4AAD72D49007E008AE20B /* MasterBanksModel.swift */; };
		31B4AADA2D490453008AE20B /* BranchSearchModel.swift in Sources */ = {isa = PBXBuildFile; fileRef = 31B4AAD92D490453008AE20B /* BranchSearchModel.swift */; };
		31B4AADF2D490693008AE20B /* QuoteModel.swift in Sources */ = {isa = PBXBuildFile; fileRef = 31B4AADE2D490693008AE20B /* QuoteModel.swift */; };
		31B4AAE12D490701008AE20B /* CreateTransactionModel.swift in Sources */ = {isa = PBXBuildFile; fileRef = 31B4AAE02D490701008AE20B /* CreateTransactionModel.swift */; };
		7DB84ED22D3AC05800A2C2D6 /* LuluSDK.docc in Sources */ = {isa = PBXBuildFile; fileRef = 7DB84ED12D3AC05800A2C2D6 /* LuluSDK.docc */; };
		7DB84ED82D3AC05800A2C2D6 /* LuluSDK.framework in Frameworks */ = {isa = PBXBuildFile; fileRef = 7DB84ECD2D3AC05800A2C2D6 /* LuluSDK.framework */; };
		7DB84EDD2D3AC05900A2C2D6 /* LuluSDKTests.swift in Sources */ = {isa = PBXBuildFile; fileRef = 7DB84EDC2D3AC05900A2C2D6 /* LuluSDKTests.swift */; };
		7DB84EDE2D3AC05900A2C2D6 /* LuluSDK.h in Headers */ = {isa = PBXBuildFile; fileRef = 7DB84ED02D3AC05800A2C2D6 /* LuluSDK.h */; settings = {ATTRIBUTES = (Public, ); }; };
		7DB84EEC2D3AC19400A2C2D6 /* Lulu.storyboard in Resources */ = {isa = PBXBuildFile; fileRef = 7DB84EEB2D3AC19400A2C2D6 /* Lulu.storyboard */; };
		7DB84EEE2D3AC1CB00A2C2D6 /* MyStoryboardLoader.swift in Sources */ = {isa = PBXBuildFile; fileRef = 7DB84EED2D3AC1CB00A2C2D6 /* MyStoryboardLoader.swift */; };
		7DB84F342D3ACA8D00A2C2D6 /* Media.xcassets in Resources */ = {isa = PBXBuildFile; fileRef = 7DB84F332D3ACA8C00A2C2D6 /* Media.xcassets */; };
/* End PBXBuildFile section */

/* Begin PBXContainerItemProxy section */
		7DB84ED92D3AC05800A2C2D6 /* PBXContainerItemProxy */ = {
			isa = PBXContainerItemProxy;
			containerPortal = 7DB84EC42D3AC05800A2C2D6 /* Project object */;
			proxyType = 1;
			remoteGlobalIDString = 7DB84ECC2D3AC05800A2C2D6;
			remoteInfo = LuluSDK;
		};
/* End PBXContainerItemProxy section */

/* Begin PBXFileReference section */
		31B4AACC2D47BF0C008AE20B /* LoginModel.swift */ = {isa = PBXFileReference; lastKnownFileType = sourcecode.swift; path = LoginModel.swift; sourceTree = "<group>"; };
		31B4AACE2D47C045008AE20B /* GetCodesModel.swift */ = {isa = PBXFileReference; lastKnownFileType = sourcecode.swift; path = GetCodesModel.swift; sourceTree = "<group>"; };
		31B4AAD02D47C1E8008AE20B /* ServiceCorriderModel.swift */ = {isa = PBXFileReference; lastKnownFileType = sourcecode.swift; path = ServiceCorriderModel.swift; sourceTree = "<group>"; };
		31B4AAD52D48FFB3008AE20B /* RatesModel.swift */ = {isa = PBXFileReference; lastKnownFileType = sourcecode.swift; path = RatesModel.swift; sourceTree = "<group>"; };
		31B4AAD72D49007E008AE20B /* MasterBanksModel.swift */ = {isa = PBXFileReference; lastKnownFileType = sourcecode.swift; path = MasterBanksModel.swift; sourceTree = "<group>"; };
		31B4AAD92D490453008AE20B /* BranchSearchModel.swift */ = {isa = PBXFileReference; lastKnownFileType = sourcecode.swift; path = BranchSearchModel.swift; sourceTree = "<group>"; };
		31B4AADE2D490693008AE20B /* QuoteModel.swift */ = {isa = PBXFileReference; lastKnownFileType = sourcecode.swift; path = QuoteModel.swift; sourceTree = "<group>"; };
		31B4AAE02D490701008AE20B /* CreateTransactionModel.swift */ = {isa = PBXFileReference; lastKnownFileType = sourcecode.swift; path = CreateTransactionModel.swift; sourceTree = "<group>"; };
		7DB84ECD2D3AC05800A2C2D6 /* LuluSDK.framework */ = {isa = PBXFileReference; explicitFileType = wrapper.framework; includeInIndex = 0; path = LuluSDK.framework; sourceTree = BUILT_PRODUCTS_DIR; };
		7DB84ED02D3AC05800A2C2D6 /* LuluSDK.h */ = {isa = PBXFileReference; lastKnownFileType = sourcecode.c.h; path = LuluSDK.h; sourceTree = "<group>"; };
		7DB84ED12D3AC05800A2C2D6 /* LuluSDK.docc */ = {isa = PBXFileReference; lastKnownFileType = folder.documentationcatalog; path = LuluSDK.docc; sourceTree = "<group>"; };
		7DB84ED72D3AC05800A2C2D6 /* LuluSDKTests.xctest */ = {isa = PBXFileReference; explicitFileType = wrapper.cfbundle; includeInIndex = 0; path = LuluSDKTests.xctest; sourceTree = BUILT_PRODUCTS_DIR; };
		7DB84EDC2D3AC05900A2C2D6 /* LuluSDKTests.swift */ = {isa = PBXFileReference; lastKnownFileType = sourcecode.swift; path = LuluSDKTests.swift; sourceTree = "<group>"; };
		7DB84EEB2D3AC19400A2C2D6 /* Lulu.storyboard */ = {isa = PBXFileReference; lastKnownFileType = file.storyboard; path = Lulu.storyboard; sourceTree = "<group>"; };
		7DB84EED2D3AC1CB00A2C2D6 /* MyStoryboardLoader.swift */ = {isa = PBXFileReference; lastKnownFileType = sourcecode.swift; path = MyStoryboardLoader.swift; sourceTree = "<group>"; };
		7DB84F332D3ACA8C00A2C2D6 /* Media.xcassets */ = {isa = PBXFileReference; lastKnownFileType = folder.assetcatalog; path = Media.xcassets; sourceTree = "<group>"; };
/* End PBXFileReference section */

/* Begin PBXFrameworksBuildPhase section */
		7DB84ECA2D3AC05800A2C2D6 /* Frameworks */ = {
			isa = PBXFrameworksBuildPhase;
			buildActionMask = 2147483647;
			files = (
			);
			runOnlyForDeploymentPostprocessing = 0;
		};
		7DB84ED42D3AC05800A2C2D6 /* Frameworks */ = {
			isa = PBXFrameworksBuildPhase;
			buildActionMask = 2147483647;
			files = (
				7DB84ED82D3AC05800A2C2D6 /* LuluSDK.framework in Frameworks */,
			);
			runOnlyForDeploymentPostprocessing = 0;
		};
/* End PBXFrameworksBuildPhase section */

/* Begin PBXGroup section */
		31B4AACA2D47BD1A008AE20B /* Presentation */ = {
			isa = PBXGroup;
			children = (
				31B4AAD42D48FF9D008AE20B /* Model */,
				31B4AACB2D47BD2B008AE20B /* View Model */,
			);
			path = Presentation;
			sourceTree = "<group>";
		};
		31B4AACB2D47BD2B008AE20B /* View Model */ = {
			isa = PBXGroup;
			children = (
			);
			path = "View Model";
			sourceTree = "<group>";
		};
		31B4AAD42D48FF9D008AE20B /* Model */ = {
			isa = PBXGroup;
			children = (
				31B4AADD2D49067A008AE20B /* PK - PKR */,
				31B4AADC2D490663008AE20B /* Codes and Master */,
				31B4AADB2D490657008AE20B /* Login */,
			);
			path = Model;
			sourceTree = "<group>";
		};
		31B4AADB2D490657008AE20B /* Login */ = {
			isa = PBXGroup;
			children = (
				31B4AACC2D47BF0C008AE20B /* LoginModel.swift */,
			);
			path = Login;
			sourceTree = "<group>";
		};
		31B4AADC2D490663008AE20B /* Codes and Master */ = {
			isa = PBXGroup;
			children = (
				31B4AACE2D47C045008AE20B /* GetCodesModel.swift */,
				31B4AAD02D47C1E8008AE20B /* ServiceCorriderModel.swift */,
				31B4AAD52D48FFB3008AE20B /* RatesModel.swift */,
				31B4AAD72D49007E008AE20B /* MasterBanksModel.swift */,
				31B4AAD92D490453008AE20B /* BranchSearchModel.swift */,
			);
			path = "Codes and Master";
			sourceTree = "<group>";
		};
		31B4AADD2D49067A008AE20B /* PK - PKR */ = {
			isa = PBXGroup;
			children = (
				31B4AADE2D490693008AE20B /* QuoteModel.swift */,
				31B4AAE02D490701008AE20B /* CreateTransactionModel.swift */,
			);
			path = "PK - PKR";
			sourceTree = "<group>";
		};
		7DB84EC32D3AC05800A2C2D6 = {
			isa = PBXGroup;
			children = (
				7DB84F332D3ACA8C00A2C2D6 /* Media.xcassets */,
				7DB84EEB2D3AC19400A2C2D6 /* Lulu.storyboard */,
				7DB84ECF2D3AC05800A2C2D6 /* LuluSDK */,
				7DB84EDB2D3AC05900A2C2D6 /* LuluSDKTests */,
				7DB84ECE2D3AC05800A2C2D6 /* Products */,
			);
			sourceTree = "<group>";
		};
		7DB84ECE2D3AC05800A2C2D6 /* Products */ = {
			isa = PBXGroup;
			children = (
				7DB84ECD2D3AC05800A2C2D6 /* LuluSDK.framework */,
				7DB84ED72D3AC05800A2C2D6 /* LuluSDKTests.xctest */,
			);
			name = Products;
			sourceTree = "<group>";
		};
		7DB84ECF2D3AC05800A2C2D6 /* LuluSDK */ = {
			isa = PBXGroup;
			children = (
				31B4AACA2D47BD1A008AE20B /* Presentation */,
				7DB84ED02D3AC05800A2C2D6 /* LuluSDK.h */,
				7DB84ED12D3AC05800A2C2D6 /* LuluSDK.docc */,
				7DB84EED2D3AC1CB00A2C2D6 /* MyStoryboardLoader.swift */,
			);
			path = LuluSDK;
			sourceTree = "<group>";
		};
		7DB84EDB2D3AC05900A2C2D6 /* LuluSDKTests */ = {
			isa = PBXGroup;
			children = (
				7DB84EDC2D3AC05900A2C2D6 /* LuluSDKTests.swift */,
			);
			path = LuluSDKTests;
			sourceTree = "<group>";
		};
/* End PBXGroup section */

/* Begin PBXHeadersBuildPhase section */
		7DB84EC82D3AC05800A2C2D6 /* Headers */ = {
			isa = PBXHeadersBuildPhase;
			buildActionMask = 2147483647;
			files = (
				7DB84EDE2D3AC05900A2C2D6 /* LuluSDK.h in Headers */,
			);
			runOnlyForDeploymentPostprocessing = 0;
		};
/* End PBXHeadersBuildPhase section */

/* Begin PBXNativeTarget section */
		7DB84ECC2D3AC05800A2C2D6 /* LuluSDK */ = {
			isa = PBXNativeTarget;
			buildConfigurationList = 7DB84EE12D3AC05900A2C2D6 /* Build configuration list for PBXNativeTarget "LuluSDK" */;
			buildPhases = (
				7DB84EC82D3AC05800A2C2D6 /* Headers */,
				7DB84EC92D3AC05800A2C2D6 /* Sources */,
				7DB84ECA2D3AC05800A2C2D6 /* Frameworks */,
				7DB84ECB2D3AC05800A2C2D6 /* Resources */,
			);
			buildRules = (
			);
			dependencies = (
			);
			name = LuluSDK;
			productName = LuluSDK;
			productReference = 7DB84ECD2D3AC05800A2C2D6 /* LuluSDK.framework */;
			productType = "com.apple.product-type.framework";
		};
		7DB84ED62D3AC05800A2C2D6 /* LuluSDKTests */ = {
			isa = PBXNativeTarget;
			buildConfigurationList = 7DB84EE42D3AC05900A2C2D6 /* Build configuration list for PBXNativeTarget "LuluSDKTests" */;
			buildPhases = (
				7DB84ED32D3AC05800A2C2D6 /* Sources */,
				7DB84ED42D3AC05800A2C2D6 /* Frameworks */,
				7DB84ED52D3AC05800A2C2D6 /* Resources */,
			);
			buildRules = (
			);
			dependencies = (
				7DB84EDA2D3AC05800A2C2D6 /* PBXTargetDependency */,
			);
			name = LuluSDKTests;
			productName = LuluSDKTests;
			productReference = 7DB84ED72D3AC05800A2C2D6 /* LuluSDKTests.xctest */;
			productType = "com.apple.product-type.bundle.unit-test";
		};
/* End PBXNativeTarget section */

/* Begin PBXProject section */
		7DB84EC42D3AC05800A2C2D6 /* Project object */ = {
			isa = PBXProject;
			attributes = {
				BuildIndependentTargetsInParallel = 1;
				LastSwiftUpdateCheck = 1540;
				LastUpgradeCheck = 1540;
				TargetAttributes = {
					7DB84ECC2D3AC05800A2C2D6 = {
						CreatedOnToolsVersion = 15.4;
					};
					7DB84ED62D3AC05800A2C2D6 = {
						CreatedOnToolsVersion = 15.4;
					};
				};
			};
			buildConfigurationList = 7DB84EC72D3AC05800A2C2D6 /* Build configuration list for PBXProject "LuluSDK" */;
			compatibilityVersion = "Xcode 14.0";
			developmentRegion = en;
			hasScannedForEncodings = 0;
			knownRegions = (
				en,
				Base,
			);
			mainGroup = 7DB84EC32D3AC05800A2C2D6;
			productRefGroup = 7DB84ECE2D3AC05800A2C2D6 /* Products */;
			projectDirPath = "";
			projectRoot = "";
			targets = (
				7DB84ECC2D3AC05800A2C2D6 /* LuluSDK */,
				7DB84ED62D3AC05800A2C2D6 /* LuluSDKTests */,
			);
		};
/* End PBXProject section */

/* Begin PBXResourcesBuildPhase section */
		7DB84ECB2D3AC05800A2C2D6 /* Resources */ = {
			isa = PBXResourcesBuildPhase;
			buildActionMask = 2147483647;
			files = (
				7DB84F342D3ACA8D00A2C2D6 /* Media.xcassets in Resources */,
				7DB84EEC2D3AC19400A2C2D6 /* Lulu.storyboard in Resources */,
			);
			runOnlyForDeploymentPostprocessing = 0;
		};
		7DB84ED52D3AC05800A2C2D6 /* Resources */ = {
			isa = PBXResourcesBuildPhase;
			buildActionMask = 2147483647;
			files = (
			);
			runOnlyForDeploymentPostprocessing = 0;
		};
/* End PBXResourcesBuildPhase section */

/* Begin PBXSourcesBuildPhase section */
		7DB84EC92D3AC05800A2C2D6 /* Sources */ = {
			isa = PBXSourcesBuildPhase;
			buildActionMask = 2147483647;
			files = (
				31B4AAD12D47C1E8008AE20B /* ServiceCorriderModel.swift in Sources */,
				7DB84ED22D3AC05800A2C2D6 /* LuluSDK.docc in Sources */,
				31B4AAE12D490701008AE20B /* CreateTransactionModel.swift in Sources */,
				31B4AACF2D47C045008AE20B /* GetCodesModel.swift in Sources */,
				31B4AAD62D48FFB3008AE20B /* RatesModel.swift in Sources */,
				31B4AAD82D49007E008AE20B /* MasterBanksModel.swift in Sources */,
				31B4AACD2D47BF0C008AE20B /* LoginModel.swift in Sources */,
				31B4AADF2D490693008AE20B /* QuoteModel.swift in Sources */,
				7DB84EEE2D3AC1CB00A2C2D6 /* MyStoryboardLoader.swift in Sources */,
				31B4AADA2D490453008AE20B /* BranchSearchModel.swift in Sources */,
			);
			runOnlyForDeploymentPostprocessing = 0;
		};
		7DB84ED32D3AC05800A2C2D6 /* Sources */ = {
			isa = PBXSourcesBuildPhase;
			buildActionMask = 2147483647;
			files = (
				7DB84EDD2D3AC05900A2C2D6 /* LuluSDKTests.swift in Sources */,
			);
			runOnlyForDeploymentPostprocessing = 0;
		};
/* End PBXSourcesBuildPhase section */

/* Begin PBXTargetDependency section */
		7DB84EDA2D3AC05800A2C2D6 /* PBXTargetDependency */ = {
			isa = PBXTargetDependency;
			target = 7DB84ECC2D3AC05800A2C2D6 /* LuluSDK */;
			targetProxy = 7DB84ED92D3AC05800A2C2D6 /* PBXContainerItemProxy */;
		};
/* End PBXTargetDependency section */

/* Begin XCBuildConfiguration section */
		7DB84EDF2D3AC05900A2C2D6 /* Debug */ = {
			isa = XCBuildConfiguration;
			buildSettings = {
				ALWAYS_SEARCH_USER_PATHS = NO;
				ASSETCATALOG_COMPILER_GENERATE_SWIFT_ASSET_SYMBOL_EXTENSIONS = YES;
				CLANG_ANALYZER_NONNULL = YES;
				CLANG_ANALYZER_NUMBER_OBJECT_CONVERSION = YES_AGGRESSIVE;
				CLANG_CXX_LANGUAGE_STANDARD = "gnu++20";
				CLANG_ENABLE_MODULES = YES;
				CLANG_ENABLE_OBJC_ARC = YES;
				CLANG_ENABLE_OBJC_WEAK = YES;
				CLANG_WARN_BLOCK_CAPTURE_AUTORELEASING = YES;
				CLANG_WARN_BOOL_CONVERSION = YES;
				CLANG_WARN_COMMA = YES;
				CLANG_WARN_CONSTANT_CONVERSION = YES;
				CLANG_WARN_DEPRECATED_OBJC_IMPLEMENTATIONS = YES;
				CLANG_WARN_DIRECT_OBJC_ISA_USAGE = YES_ERROR;
				CLANG_WARN_DOCUMENTATION_COMMENTS = YES;
				CLANG_WARN_EMPTY_BODY = YES;
				CLANG_WARN_ENUM_CONVERSION = YES;
				CLANG_WARN_INFINITE_RECURSION = YES;
				CLANG_WARN_INT_CONVERSION = YES;
				CLANG_WARN_NON_LITERAL_NULL_CONVERSION = YES;
				CLANG_WARN_OBJC_IMPLICIT_RETAIN_SELF = YES;
				CLANG_WARN_OBJC_LITERAL_CONVERSION = YES;
				CLANG_WARN_OBJC_ROOT_CLASS = YES_ERROR;
				CLANG_WARN_QUOTED_INCLUDE_IN_FRAMEWORK_HEADER = YES;
				CLANG_WARN_RANGE_LOOP_ANALYSIS = YES;
				CLANG_WARN_STRICT_PROTOTYPES = YES;
				CLANG_WARN_SUSPICIOUS_MOVE = YES;
				CLANG_WARN_UNGUARDED_AVAILABILITY = YES_AGGRESSIVE;
				CLANG_WARN_UNREACHABLE_CODE = YES;
				CLANG_WARN__DUPLICATE_METHOD_MATCH = YES;
				COPY_PHASE_STRIP = NO;
				CURRENT_PROJECT_VERSION = 1;
				DEBUG_INFORMATION_FORMAT = dwarf;
				ENABLE_STRICT_OBJC_MSGSEND = YES;
				ENABLE_TESTABILITY = YES;
				ENABLE_USER_SCRIPT_SANDBOXING = YES;
				GCC_C_LANGUAGE_STANDARD = gnu17;
				GCC_DYNAMIC_NO_PIC = NO;
				GCC_NO_COMMON_BLOCKS = YES;
				GCC_OPTIMIZATION_LEVEL = 0;
				GCC_PREPROCESSOR_DEFINITIONS = (
					"DEBUG=1",
					"$(inherited)",
				);
				GCC_WARN_64_TO_32_BIT_CONVERSION = YES;
				GCC_WARN_ABOUT_RETURN_TYPE = YES_ERROR;
				GCC_WARN_UNDECLARED_SELECTOR = YES;
				GCC_WARN_UNINITIALIZED_AUTOS = YES_AGGRESSIVE;
				GCC_WARN_UNUSED_FUNCTION = YES;
				GCC_WARN_UNUSED_VARIABLE = YES;
				IPHONEOS_DEPLOYMENT_TARGET = 17.5;
				LOCALIZATION_PREFERS_STRING_CATALOGS = YES;
				MTL_ENABLE_DEBUG_INFO = INCLUDE_SOURCE;
				MTL_FAST_MATH = YES;
				ONLY_ACTIVE_ARCH = YES;
				SDKROOT = iphoneos;
				SWIFT_ACTIVE_COMPILATION_CONDITIONS = "DEBUG $(inherited)";
				SWIFT_OPTIMIZATION_LEVEL = "-Onone";
				VERSIONING_SYSTEM = "apple-generic";
				VERSION_INFO_PREFIX = "";
			};
			name = Debug;
		};
		7DB84EE02D3AC05900A2C2D6 /* Release */ = {
			isa = XCBuildConfiguration;
			buildSettings = {
				ALWAYS_SEARCH_USER_PATHS = NO;
				ASSETCATALOG_COMPILER_GENERATE_SWIFT_ASSET_SYMBOL_EXTENSIONS = YES;
				CLANG_ANALYZER_NONNULL = YES;
				CLANG_ANALYZER_NUMBER_OBJECT_CONVERSION = YES_AGGRESSIVE;
				CLANG_CXX_LANGUAGE_STANDARD = "gnu++20";
				CLANG_ENABLE_MODULES = YES;
				CLANG_ENABLE_OBJC_ARC = YES;
				CLANG_ENABLE_OBJC_WEAK = YES;
				CLANG_WARN_BLOCK_CAPTURE_AUTORELEASING = YES;
				CLANG_WARN_BOOL_CONVERSION = YES;
				CLANG_WARN_COMMA = YES;
				CLANG_WARN_CONSTANT_CONVERSION = YES;
				CLANG_WARN_DEPRECATED_OBJC_IMPLEMENTATIONS = YES;
				CLANG_WARN_DIRECT_OBJC_ISA_USAGE = YES_ERROR;
				CLANG_WARN_DOCUMENTATION_COMMENTS = YES;
				CLANG_WARN_EMPTY_BODY = YES;
				CLANG_WARN_ENUM_CONVERSION = YES;
				CLANG_WARN_INFINITE_RECURSION = YES;
				CLANG_WARN_INT_CONVERSION = YES;
				CLANG_WARN_NON_LITERAL_NULL_CONVERSION = YES;
				CLANG_WARN_OBJC_IMPLICIT_RETAIN_SELF = YES;
				CLANG_WARN_OBJC_LITERAL_CONVERSION = YES;
				CLANG_WARN_OBJC_ROOT_CLASS = YES_ERROR;
				CLANG_WARN_QUOTED_INCLUDE_IN_FRAMEWORK_HEADER = YES;
				CLANG_WARN_RANGE_LOOP_ANALYSIS = YES;
				CLANG_WARN_STRICT_PROTOTYPES = YES;
				CLANG_WARN_SUSPICIOUS_MOVE = YES;
				CLANG_WARN_UNGUARDED_AVAILABILITY = YES_AGGRESSIVE;
				CLANG_WARN_UNREACHABLE_CODE = YES;
				CLANG_WARN__DUPLICATE_METHOD_MATCH = YES;
				COPY_PHASE_STRIP = NO;
				CURRENT_PROJECT_VERSION = 1;
				DEBUG_INFORMATION_FORMAT = "dwarf-with-dsym";
				ENABLE_NS_ASSERTIONS = NO;
				ENABLE_STRICT_OBJC_MSGSEND = YES;
				ENABLE_USER_SCRIPT_SANDBOXING = YES;
				GCC_C_LANGUAGE_STANDARD = gnu17;
				GCC_NO_COMMON_BLOCKS = YES;
				GCC_WARN_64_TO_32_BIT_CONVERSION = YES;
				GCC_WARN_ABOUT_RETURN_TYPE = YES_ERROR;
				GCC_WARN_UNDECLARED_SELECTOR = YES;
				GCC_WARN_UNINITIALIZED_AUTOS = YES_AGGRESSIVE;
				GCC_WARN_UNUSED_FUNCTION = YES;
				GCC_WARN_UNUSED_VARIABLE = YES;
				IPHONEOS_DEPLOYMENT_TARGET = 17.5;
				LOCALIZATION_PREFERS_STRING_CATALOGS = YES;
				MTL_ENABLE_DEBUG_INFO = NO;
				MTL_FAST_MATH = YES;
				SDKROOT = iphoneos;
				SWIFT_COMPILATION_MODE = wholemodule;
				VALIDATE_PRODUCT = YES;
				VERSIONING_SYSTEM = "apple-generic";
				VERSION_INFO_PREFIX = "";
			};
			name = Release;
		};
		7DB84EE22D3AC05900A2C2D6 /* Debug */ = {
			isa = XCBuildConfiguration;
			buildSettings = {
				BUILD_LIBRARY_FOR_DISTRIBUTION = YES;
				CODE_SIGN_STYLE = Automatic;
				CURRENT_PROJECT_VERSION = 1;
				DEFINES_MODULE = YES;
				DEVELOPMENT_TEAM = 58NJPFPP73;
				DYLIB_COMPATIBILITY_VERSION = 1;
				DYLIB_CURRENT_VERSION = 1;
				DYLIB_INSTALL_NAME_BASE = "@rpath";
				ENABLE_MODULE_VERIFIER = YES;
				GENERATE_INFOPLIST_FILE = YES;
				INFOPLIST_KEY_NSHumanReadableCopyright = "";
				INSTALL_PATH = "$(LOCAL_LIBRARY_DIR)/Frameworks";
				IPHONEOS_DEPLOYMENT_TARGET = 17.0;
				LD_RUNPATH_SEARCH_PATHS = (
					"$(inherited)",
					"@executable_path/Frameworks",
					"@loader_path/Frameworks",
				);
				MARKETING_VERSION = 1.0;
				MODULE_VERIFIER_SUPPORTED_LANGUAGES = "objective-c objective-c++";
				MODULE_VERIFIER_SUPPORTED_LANGUAGE_STANDARDS = "gnu17 gnu++20";
				PRODUCT_BUNDLE_IDENTIFIER = com.finance.LuluSDK;
				PRODUCT_NAME = "$(TARGET_NAME:c99extidentifier)";
				SKIP_INSTALL = YES;
				SWIFT_EMIT_LOC_STRINGS = YES;
				SWIFT_INSTALL_OBJC_HEADER = NO;
				SWIFT_VERSION = 5.0;
				TARGETED_DEVICE_FAMILY = "1,2";
			};
			name = Debug;
		};
		7DB84EE32D3AC05900A2C2D6 /* Release */ = {
			isa = XCBuildConfiguration;
			buildSettings = {
				BUILD_LIBRARY_FOR_DISTRIBUTION = YES;
				CODE_SIGN_STYLE = Automatic;
				CURRENT_PROJECT_VERSION = 1;
				DEFINES_MODULE = YES;
				DEVELOPMENT_TEAM = 58NJPFPP73;
				DYLIB_COMPATIBILITY_VERSION = 1;
				DYLIB_CURRENT_VERSION = 1;
				DYLIB_INSTALL_NAME_BASE = "@rpath";
				ENABLE_MODULE_VERIFIER = YES;
				GENERATE_INFOPLIST_FILE = YES;
				INFOPLIST_KEY_NSHumanReadableCopyright = "";
				INSTALL_PATH = "$(LOCAL_LIBRARY_DIR)/Frameworks";
				IPHONEOS_DEPLOYMENT_TARGET = 17.0;
				LD_RUNPATH_SEARCH_PATHS = (
					"$(inherited)",
					"@executable_path/Frameworks",
					"@loader_path/Frameworks",
				);
				MARKETING_VERSION = 1.0;
				MODULE_VERIFIER_SUPPORTED_LANGUAGES = "objective-c objective-c++";
				MODULE_VERIFIER_SUPPORTED_LANGUAGE_STANDARDS = "gnu17 gnu++20";
				PRODUCT_BUNDLE_IDENTIFIER = com.finance.LuluSDK;
				PRODUCT_NAME = "$(TARGET_NAME:c99extidentifier)";
				SKIP_INSTALL = YES;
				SWIFT_EMIT_LOC_STRINGS = YES;
				SWIFT_INSTALL_OBJC_HEADER = NO;
				SWIFT_VERSION = 5.0;
				TARGETED_DEVICE_FAMILY = "1,2";
			};
			name = Release;
		};
		7DB84EE52D3AC05900A2C2D6 /* Debug */ = {
			isa = XCBuildConfiguration;
			buildSettings = {
				ALWAYS_EMBED_SWIFT_STANDARD_LIBRARIES = YES;
				CODE_SIGN_STYLE = Automatic;
				CURRENT_PROJECT_VERSION = 1;
				DEVELOPMENT_TEAM = 58NJPFPP73;
				GENERATE_INFOPLIST_FILE = YES;
				MARKETING_VERSION = 1.0;
				PRODUCT_BUNDLE_IDENTIFIER = com.finance.LuluSDKTests;
				PRODUCT_NAME = "$(TARGET_NAME)";
				SWIFT_EMIT_LOC_STRINGS = NO;
				SWIFT_VERSION = 5.0;
				TARGETED_DEVICE_FAMILY = "1,2";
			};
			name = Debug;
		};
		7DB84EE62D3AC05900A2C2D6 /* Release */ = {
			isa = XCBuildConfiguration;
			buildSettings = {
				ALWAYS_EMBED_SWIFT_STANDARD_LIBRARIES = YES;
				CODE_SIGN_STYLE = Automatic;
				CURRENT_PROJECT_VERSION = 1;
				DEVELOPMENT_TEAM = 58NJPFPP73;
				GENERATE_INFOPLIST_FILE = YES;
				MARKETING_VERSION = 1.0;
				PRODUCT_BUNDLE_IDENTIFIER = com.finance.LuluSDKTests;
				PRODUCT_NAME = "$(TARGET_NAME)";
				SWIFT_EMIT_LOC_STRINGS = NO;
				SWIFT_VERSION = 5.0;
				TARGETED_DEVICE_FAMILY = "1,2";
			};
			name = Release;
		};
/* End XCBuildConfiguration section */

/* Begin XCConfigurationList section */
		7DB84EC72D3AC05800A2C2D6 /* Build configuration list for PBXProject "LuluSDK" */ = {
			isa = XCConfigurationList;
			buildConfigurations = (
				7DB84EDF2D3AC05900A2C2D6 /* Debug */,
				7DB84EE02D3AC05900A2C2D6 /* Release */,
			);
			defaultConfigurationIsVisible = 0;
			defaultConfigurationName = Release;
		};
		7DB84EE12D3AC05900A2C2D6 /* Build configuration list for PBXNativeTarget "LuluSDK" */ = {
			isa = XCConfigurationList;
			buildConfigurations = (
				7DB84EE22D3AC05900A2C2D6 /* Debug */,
				7DB84EE32D3AC05900A2C2D6 /* Release */,
			);
			defaultConfigurationIsVisible = 0;
			defaultConfigurationName = Release;
		};
		7DB84EE42D3AC05900A2C2D6 /* Build configuration list for PBXNativeTarget "LuluSDKTests" */ = {
			isa = XCConfigurationList;
			buildConfigurations = (
				7DB84EE52D3AC05900A2C2D6 /* Debug */,
				7DB84EE62D3AC05900A2C2D6 /* Release */,
			);
			defaultConfigurationIsVisible = 0;
			defaultConfigurationName = Release;
		};
/* End XCConfigurationList section */
	};
	rootObject = 7DB84EC42D3AC05800A2C2D6 /* Project object */;
}
